{
  "name": "@freaktechnik/eslint-config-base",
  "version": "6.6.2",
  "lockfileVersion": 1,
  "requires": true,
  "dependencies": {
    "JSV": {
      "version": "4.0.2",
      "resolved": "https://registry.npmjs.org/JSV/-/JSV-4.0.2.tgz",
      "integrity": "sha1-0Hf2glVx+CEy+d/67Vh7QCn+/1c="
    },
    "ansi-styles": {
      "version": "1.0.0",
      "resolved": "https://registry.npmjs.org/ansi-styles/-/ansi-styles-1.0.0.tgz",
      "integrity": "sha1-yxAt8cVvUSPquLZ817mAJ6AnkXg="
    },
    "chalk": {
      "version": "0.4.0",
      "resolved": "http://registry.npmjs.org/chalk/-/chalk-0.4.0.tgz",
      "integrity": "sha1-UZmj3c0MHv4jvAjBsCewYXbgxk8=",
      "requires": {
        "ansi-styles": "~1.0.0",
        "has-color": "~0.1.0",
        "strip-ansi": "~0.1.0"
      }
    },
    "clean-regexp": {
      "version": "1.0.0",
      "resolved": "https://registry.npmjs.org/clean-regexp/-/clean-regexp-1.0.0.tgz",
      "integrity": "sha1-jffHquUf02h06PjQW5GAvBGj/tc=",
      "requires": {
        "escape-string-regexp": "^1.0.5"
      }
    },
    "comment-parser": {
      "version": "0.5.5",
      "resolved": "https://registry.npmjs.org/comment-parser/-/comment-parser-0.5.5.tgz",
      "integrity": "sha512-oB3TinFT+PV3p8UwDQt71+HkG03+zwPwikDlKU6ZDmql6QX2zFlQ+G0GGSDqyJhdZi4PSlzFBm+YJ+ebOX3Vgw=="
    },
    "debug": {
      "version": "4.1.1",
      "resolved": "https://registry.npmjs.org/debug/-/debug-4.1.1.tgz",
      "integrity": "sha512-pYAIzeRo8J6KPEaJ0VWOh5Pzkbw/RetuzehGM7QRRX5he4fPHx2rdKMB256ehJCkX+XRQm16eZLqLNS8RSZXZw==",
      "requires": {
        "ms": "^2.1.1"
      }
    },
    "escape-regex-string": {
      "version": "1.0.6",
      "resolved": "https://registry.npmjs.org/escape-regex-string/-/escape-regex-string-1.0.6.tgz",
      "integrity": "sha512-AcaPwAOKpF52ETT4uu4vmpqQphuQGjIEhdDwG/gAJYah8ixJlrSBFjhtLMT7frc9y3RWgOnLov9E0MsRBdeRbw=="
    },
    "escape-string-regexp": {
      "version": "1.0.5",
      "resolved": "https://registry.npmjs.org/escape-string-regexp/-/escape-string-regexp-1.0.5.tgz",
      "integrity": "sha1-G2HAViGQqN/2rjuyzwIAyhMLhtQ="
    },
    "eslint-ast-utils": {
      "version": "1.1.0",
      "resolved": "https://registry.npmjs.org/eslint-ast-utils/-/eslint-ast-utils-1.1.0.tgz",
      "integrity": "sha512-otzzTim2/1+lVrlH19EfQQJEhVJSu0zOb9ygb3iapN6UlyaDtyRq4b5U1FuW0v1lRa9Fp/GJyHkSwm6NqABgCA==",
      "requires": {
        "lodash.get": "^4.4.2",
        "lodash.zip": "^4.2.0"
      }
    },
    "eslint-plugin-array-func": {
      "version": "3.1.3",
      "resolved": "https://registry.npmjs.org/eslint-plugin-array-func/-/eslint-plugin-array-func-3.1.3.tgz",
      "integrity": "sha512-uRfJ4d9Fyyvxm6/w++++RSQoXZyERFF0+6zqupgg5Mw/+eG4y19yrptTghJlApntKlPZBpA4XCOIBzJbvLrArQ=="
    },
    "eslint-plugin-eslint-comments": {
      "version": "3.1.0",
      "resolved": "https://registry.npmjs.org/eslint-plugin-eslint-comments/-/eslint-plugin-eslint-comments-3.1.0.tgz",
      "integrity": "sha512-yvukhLNPZGkwKWe4Zr8gXCl10zfsa2jTksdKVhU0sYrK/RsvUoJ2PUKe4OJOupl1nS0cWlz7XyH4LUEwejTyaQ==",
      "requires": {
        "escape-string-regexp": "^1.0.5",
        "ignore": "^5.0.5"
      }
    },
    "eslint-plugin-filenames": {
      "version": "1.3.2",
      "resolved": "https://registry.npmjs.org/eslint-plugin-filenames/-/eslint-plugin-filenames-1.3.2.tgz",
      "integrity": "sha512-tqxJTiEM5a0JmRCUYQmxw23vtTxrb2+a3Q2mMOPhFxvt7ZQQJmdiuMby9B/vUAuVMghyP7oET+nIf6EO6CBd/w==",
      "requires": {
        "lodash.camelcase": "4.3.0",
        "lodash.kebabcase": "4.1.1",
        "lodash.snakecase": "4.1.1",
        "lodash.upperfirst": "4.3.1"
      }
    },
    "eslint-plugin-jsdoc": {
      "version": "15.3.4",
      "resolved": "https://registry.npmjs.org/eslint-plugin-jsdoc/-/eslint-plugin-jsdoc-15.3.4.tgz",
      "integrity": "sha512-XHBnx/Yz/RigG7GxPeqR9rsrWwPUuNSR9N2tAIaqlqJOFT04Egncms6C8xykCbpBILct2auL32ZpBL5p27qoxQ==",
      "requires": {
        "comment-parser": "^0.5.5",
        "debug": "^4.1.1",
        "escape-regex-string": "^1.0.6",
        "flat-map-polyfill": "^0.3.8",
        "jsdoctypeparser": "5.0.1",
        "lodash": "^4.17.11",
        "regextras": "^0.6.1"
      }
    },
    "eslint-plugin-json-light": {
      "version": "1.0.3",
      "resolved": "https://registry.npmjs.org/eslint-plugin-json-light/-/eslint-plugin-json-light-1.0.3.tgz",
      "integrity": "sha512-XKxOAbll0EvgK96Jnxszo526oKijK9fcpU7kAZ1ftlr0OKKHsoI5dK3debTX9GqXzES1r2qOTyWtXe11Z/5V5g==",
      "requires": {
        "jsonlint": "^1.6.3"
      }
    },
    "eslint-plugin-promise": {
      "version": "4.0.1",
      "resolved": "https://registry.npmjs.org/eslint-plugin-promise/-/eslint-plugin-promise-4.0.1.tgz",
      "integrity": "sha512-Si16O0+Hqz1gDHsys6RtFRrW7cCTB6P7p3OJmKp3Y3dxpQE2qwOA7d3xnV+0mBmrPoi0RBnxlCKvqu70te6wjg=="
    },
    "eslint-plugin-security": {
      "version": "1.4.0",
      "resolved": "https://registry.npmjs.org/eslint-plugin-security/-/eslint-plugin-security-1.4.0.tgz",
      "integrity": "sha512-xlS7P2PLMXeqfhyf3NpqbvbnW04kN8M9NtmhpR3XGyOvt/vNKS7XPXT5EDbwKW9vCjWH4PpfQvgD/+JgN0VJKA==",
      "requires": {
        "safe-regex": "^1.1.0"
      }
    },
    "eslint-plugin-sort-class-members": {
      "version": "1.4.0",
      "resolved": "https://registry.npmjs.org/eslint-plugin-sort-class-members/-/eslint-plugin-sort-class-members-1.4.0.tgz",
      "integrity": "sha512-FQG6d4Cy2vYmG9gr6J138E91WaltqwOk/b/7GCssPqnUmizrcgOeN91bV5eOTuoS4RSH1Jdn4ukWEtyWLwV8ig=="
    },
    "eslint-plugin-unicorn": {
      "version": "9.0.0",
      "resolved": "https://registry.npmjs.org/eslint-plugin-unicorn/-/eslint-plugin-unicorn-9.0.0.tgz",
      "integrity": "sha512-D0NbpmL6paSpwVrwdc/eePpp2KyPU9R+rEXKN+EjE8YqhELwF8wvixcpY5BenztzT2KZQiWWWyHfZmM9bTyRpA==",
      "requires": {
        "clean-regexp": "^1.0.0",
        "eslint-ast-utils": "^1.0.0",
        "import-modules": "^1.1.0",
        "lodash.camelcase": "^4.1.1",
        "lodash.defaultsdeep": "^4.6.0",
        "lodash.kebabcase": "^4.0.1",
        "lodash.snakecase": "^4.0.1",
        "lodash.topairs": "^4.3.0",
        "lodash.upperfirst": "^4.2.0",
        "reserved-words": "^0.1.2",
        "safe-regex": "^2.0.1"
      },
      "dependencies": {
        "safe-regex": {
          "version": "2.0.2",
          "resolved": "https://registry.npmjs.org/safe-regex/-/safe-regex-2.0.2.tgz",
          "integrity": "sha512-rRALJT0mh4qVFIJ9HvfjKDN77F9vp7kltOpFFI/8e6oKyHFmmxz4aSkY/YVauRDe7U0RrHdw9Lsxdel3E19s0A==",
          "requires": {
            "regexp-tree": "~0.1.1"
          }
        }
      }
    },
    "flat-map-polyfill": {
      "version": "0.3.8",
      "resolved": "https://registry.npmjs.org/flat-map-polyfill/-/flat-map-polyfill-0.3.8.tgz",
      "integrity": "sha512-ZfmD5MnU7GglUEhiky9C7yEPaNq1/wh36RDohe+Xr3nJVdccwHbdTkFIYvetcdsoAckUKT51fuf44g7Ni5Doyg=="
    },
    "has-color": {
      "version": "0.1.7",
      "resolved": "https://registry.npmjs.org/has-color/-/has-color-0.1.7.tgz",
      "integrity": "sha1-ZxRKUmDDT8PMpnfQQdr1L+e3iy8="
    },
    "ignore": {
      "version": "5.0.5",
      "resolved": "https://registry.npmjs.org/ignore/-/ignore-5.0.5.tgz",
      "integrity": "sha512-kOC8IUb8HSDMVcYrDVezCxpJkzSQWTAzf3olpKM6o9rM5zpojx23O0Fl8Wr4+qJ6ZbPEHqf1fdwev/DS7v7pmA=="
    },
    "import-modules": {
      "version": "1.1.0",
      "resolved": "https://registry.npmjs.org/import-modules/-/import-modules-1.1.0.tgz",
      "integrity": "sha1-dI23nFzEK7lwHvq0JPiU5yYA6dw="
    },
    "jsdoctypeparser": {
      "version": "5.0.1",
      "resolved": "https://registry.npmjs.org/jsdoctypeparser/-/jsdoctypeparser-5.0.1.tgz",
      "integrity": "sha512-dYwcK6TKzvq+ZKtbp4sbQSW9JMo6s+4YFfUs5D/K7bZsn3s1NhEhZ+jmIPzby0HbkbECBe+hNPEa6a+E21o94w=="
    },
    "jsonlint": {
      "version": "1.6.3",
      "resolved": "https://registry.npmjs.org/jsonlint/-/jsonlint-1.6.3.tgz",
      "integrity": "sha512-jMVTMzP+7gU/IyC6hvKyWpUU8tmTkK5b3BPNuMI9U8Sit+YAWLlZwB6Y6YrdCxfg2kNz05p3XY3Bmm4m26Nv3A==",
      "requires": {
        "JSV": "^4.0.x",
        "nomnom": "^1.5.x"
      }
    },
    "lodash": {
      "version": "4.17.13",
      "resolved": "https://registry.npmjs.org/lodash/-/lodash-4.17.13.tgz",
      "integrity": "sha512-vm3/XWXfWtRua0FkUyEHBZy8kCPjErNBT9fJx8Zvs+U6zjqPbTUOpkaoum3O5uiA8sm+yNMHXfYkTUHFoMxFNA=="
    },
    "lodash.camelcase": {
      "version": "4.3.0",
      "resolved": "https://registry.npmjs.org/lodash.camelcase/-/lodash.camelcase-4.3.0.tgz",
      "integrity": "sha1-soqmKIorn8ZRA1x3EfZathkDMaY="
    },
    "lodash.defaultsdeep": {
      "version": "4.6.1",
      "resolved": "https://registry.npmjs.org/lodash.defaultsdeep/-/lodash.defaultsdeep-4.6.1.tgz",
      "integrity": "sha512-3j8wdDzYuWO3lM3Reg03MuQR957t287Rpcxp1njpEa8oDrikb+FwGdW3n+FELh/A6qib6yPit0j/pv9G/yeAqA=="
    },
    "lodash.get": {
      "version": "4.4.2",
      "resolved": "https://registry.npmjs.org/lodash.get/-/lodash.get-4.4.2.tgz",
      "integrity": "sha1-LRd/ZS+jHpObRDjVNBSZ36OCXpk="
    },
    "lodash.kebabcase": {
      "version": "4.1.1",
      "resolved": "https://registry.npmjs.org/lodash.kebabcase/-/lodash.kebabcase-4.1.1.tgz",
      "integrity": "sha1-hImxyw0p/4gZXM7KRI/21swpXDY="
    },
    "lodash.snakecase": {
      "version": "4.1.1",
      "resolved": "https://registry.npmjs.org/lodash.snakecase/-/lodash.snakecase-4.1.1.tgz",
      "integrity": "sha1-OdcUo1NXFHg3rv1ktdy7Fr7Nj40="
    },
    "lodash.topairs": {
      "version": "4.3.0",
      "resolved": "https://registry.npmjs.org/lodash.topairs/-/lodash.topairs-4.3.0.tgz",
      "integrity": "sha1-O23qo31g+xFnE8RsXxfqGQ7EjWQ="
    },
    "lodash.upperfirst": {
      "version": "4.3.1",
      "resolved": "https://registry.npmjs.org/lodash.upperfirst/-/lodash.upperfirst-4.3.1.tgz",
      "integrity": "sha1-E2Xt9DFIBIHvDRxolXpe2Z1J984="
    },
    "lodash.zip": {
      "version": "4.2.0",
      "resolved": "https://registry.npmjs.org/lodash.zip/-/lodash.zip-4.2.0.tgz",
      "integrity": "sha1-7GZi5IlkCO1KtsVCo5kLcswIACA="
    },
    "ms": {
      "version": "2.1.2",
      "resolved": "https://registry.npmjs.org/ms/-/ms-2.1.2.tgz",
      "integrity": "sha512-sGkPx+VjMtmA6MX27oA4FBFELFCZZ4S4XqeGOXCv68tT+jb3vk/RyaKWP0PTKyWtmLSM0b+adUTEvbs1PEaH2w=="
    },
    "nomnom": {
      "version": "1.8.1",
      "resolved": "https://registry.npmjs.org/nomnom/-/nomnom-1.8.1.tgz",
      "integrity": "sha1-IVH3Ikcrp55Qp2/BJbuMjy5Nwqc=",
      "requires": {
        "chalk": "~0.4.0",
        "underscore": "~1.6.0"
      }
    },
    "regexp-tree": {
      "version": "0.1.10",
      "resolved": "https://registry.npmjs.org/regexp-tree/-/regexp-tree-0.1.10.tgz",
      "integrity": "sha512-K1qVSbcedffwuIslMwpe6vGlj+ZXRnGkvjAtFHfDZZZuEdA/h0dxljAPu9vhUo6Rrx2U2AwJ+nSQ6hK+lrP5MQ=="
    },
    "regextras": {
      "version": "0.6.1",
      "resolved": "https://registry.npmjs.org/regextras/-/regextras-0.6.1.tgz",
      "integrity": "sha512-EzIHww9xV2Kpqx+corS/I7OBmf2rZ0pKKJPsw5Dc+l6Zq1TslDmtRIP9maVn3UH+72MIXmn8zzDgP07ihQogUA=="
    },
    "reserved-words": {
      "version": "0.1.2",
      "resolved": "https://registry.npmjs.org/reserved-words/-/reserved-words-0.1.2.tgz",
      "integrity": "sha1-AKCUD5jNUBrqqsMWQR2a3FKzGrE="
    },
    "ret": {
      "version": "0.1.15",
      "resolved": "https://registry.npmjs.org/ret/-/ret-0.1.15.tgz",
      "integrity": "sha512-TTlYpa+OL+vMMNG24xSlQGEJ3B/RzEfUlLct7b5G/ytav+wPrplCpVMFuwzXbkecJrb6IYo1iFb0S9v37754mg=="
    },
    "safe-regex": {
      "version": "1.1.0",
      "resolved": "https://registry.npmjs.org/safe-regex/-/safe-regex-1.1.0.tgz",
      "integrity": "sha1-QKNmnzsHfR6UPURinhV91IAjvy4=",
      "requires": {
        "ret": "~0.1.10"
      }
    },
    "strip-ansi": {
      "version": "0.1.1",
      "resolved": "https://registry.npmjs.org/strip-ansi/-/strip-ansi-0.1.1.tgz",
      "integrity": "sha1-OeipjQRNFQZgq+SmgIrPcLt7yZE="
    },
    "underscore": {
      "version": "1.6.0",
      "resolved": "https://registry.npmjs.org/underscore/-/underscore-1.6.0.tgz",
      "integrity": "sha1-izixDKze9jM3uLJOT/htRa6lKag="
    }
  }
}
