{
  "name": "eslint-plugin-freaktechnik",
  "version": "3.0.0",
  "lockfileVersion": 1,
  "requires": true,
  "dependencies": {
    "acorn": {
      "version": "https://registry.npmjs.org/acorn/-/acorn-4.0.4.tgz",
      "integrity": "sha1-F6jWp6bE71OLgU7Jq6wneSk78wo="
    },
    "acorn-jsx": {
      "version": "https://registry.npmjs.org/acorn-jsx/-/acorn-jsx-3.0.1.tgz",
      "integrity": "sha1-r9+UiPsezvyDSPb7IvRk4ypYs2s=",
      "requires": {
        "acorn": "https://registry.npmjs.org/acorn/-/acorn-3.3.0.tgz"
      },
      "dependencies": {
        "acorn": {
          "version": "https://registry.npmjs.org/acorn/-/acorn-3.3.0.tgz",
          "integrity": "sha1-ReN/s56No/JbruP/U2niu18iAXo="
        }
      }
    },
    "array-differ": {
      "version": "https://registry.npmjs.org/array-differ/-/array-differ-1.0.0.tgz",
      "integrity": "sha1-7/UuN1gknTO+QCuLuOVkuytdQDE="
    },
    "array-union": {
      "version": "https://registry.npmjs.org/array-union/-/array-union-1.0.2.tgz",
      "integrity": "sha1-mjRBDk9OPaI96jdb5b5w8kd47Dk=",
      "requires": {
        "array-uniq": "https://registry.npmjs.org/array-uniq/-/array-uniq-1.0.3.tgz"
      }
    },
    "array-uniq": {
      "version": "https://registry.npmjs.org/array-uniq/-/array-uniq-1.0.3.tgz",
      "integrity": "sha1-r2rId6Jcx/dOBYiUdThY39sk/bY="
    },
    "arrify": {
      "version": "https://registry.npmjs.org/arrify/-/arrify-1.0.1.tgz",
      "integrity": "sha1-iYUI2iIm84DfkEcoRWhJwVAaSw0="
    },
    "balanced-match": {
      "version": "https://registry.npmjs.org/balanced-match/-/balanced-match-0.4.2.tgz",
      "integrity": "sha1-yz8+PHMtwPAe5wtAPzAuYddwmDg="
    },
    "brace-expansion": {
      "version": "https://registry.npmjs.org/brace-expansion/-/brace-expansion-1.1.6.tgz",
      "integrity": "sha1-cZfX6qm4fmSDkOph/GbIRCdCDfk=",
      "requires": {
        "balanced-match": "https://registry.npmjs.org/balanced-match/-/balanced-match-0.4.2.tgz",
        "concat-map": "https://registry.npmjs.org/concat-map/-/concat-map-0.0.1.tgz"
      }
    },
    "buf-compare": {
      "version": "https://registry.npmjs.org/buf-compare/-/buf-compare-1.0.1.tgz",
      "integrity": "sha1-/vKNqLgROgoNtEMLC2Rntpcws0o="
    },
    "cli": {
      "version": "1.0.1",
      "resolved": "https://registry.npmjs.org/cli/-/cli-1.0.1.tgz",
      "integrity": "sha1-IoF1NPJL+klQw01TLUjsvGIbjBQ=",
      "requires": {
        "exit": "0.1.2",
        "glob": "7.1.2"
      }
    },
    "comment-parser": {
      "version": "0.4.1",
      "resolved": "https://registry.npmjs.org/comment-parser/-/comment-parser-0.4.1.tgz",
      "integrity": "sha1-zsemw+MTero+BNj3tlFFWX9mGI8=",
      "requires": {
        "readable-stream": "2.3.3"
      }
    },
    "concat-map": {
      "version": "https://registry.npmjs.org/concat-map/-/concat-map-0.0.1.tgz",
      "integrity": "sha1-2Klr13/Wjfd5OnMDajug1UBdR3s="
    },
    "console-browserify": {
      "version": "1.1.0",
      "resolved": "https://registry.npmjs.org/console-browserify/-/console-browserify-1.1.0.tgz",
      "integrity": "sha1-8CQcRXMKn8YyOyBtvzjtx0HQuxA=",
      "requires": {
        "date-now": "0.1.4"
      }
    },
    "core-assert": {
      "version": "https://registry.npmjs.org/core-assert/-/core-assert-0.2.1.tgz",
      "integrity": "sha1-+F4s+b/tKPdzzIs/pcW2m9wC/j8=",
      "requires": {
        "buf-compare": "https://registry.npmjs.org/buf-compare/-/buf-compare-1.0.1.tgz",
        "is-error": "https://registry.npmjs.org/is-error/-/is-error-2.2.1.tgz"
      }
    },
    "core-js": {
      "version": "https://registry.npmjs.org/core-js/-/core-js-2.4.1.tgz",
      "integrity": "sha1-TekR5mew6ukSTjQlS1OupvxhjT4="
    },
    "core-util-is": {
      "version": "1.0.2",
      "resolved": "https://registry.npmjs.org/core-util-is/-/core-util-is-1.0.2.tgz",
      "integrity": "sha1-tf1UIgqivFq1eqtxQMlAdUUDwac="
    },
    "date-now": {
      "version": "0.1.4",
      "resolved": "https://registry.npmjs.org/date-now/-/date-now-0.1.4.tgz",
      "integrity": "sha1-6vQ5/U1ISK105cx9vvIAZyueNFs="
    },
    "deep-strict-equal": {
      "version": "https://registry.npmjs.org/deep-strict-equal/-/deep-strict-equal-0.2.0.tgz",
      "integrity": "sha1-SgeBR6irV/ag1PVUckPNIvROtOQ=",
      "requires": {
        "core-assert": "https://registry.npmjs.org/core-assert/-/core-assert-0.2.1.tgz"
      }
    },
    "dom-serializer": {
      "version": "0.1.0",
      "resolved": "https://registry.npmjs.org/dom-serializer/-/dom-serializer-0.1.0.tgz",
      "integrity": "sha1-BzxpdUbOB4DOI75KKOKT5AvDDII=",
      "requires": {
        "domelementtype": "1.1.3",
        "entities": "1.1.1"
      },
      "dependencies": {
        "domelementtype": {
          "version": "1.1.3",
          "resolved": "https://registry.npmjs.org/domelementtype/-/domelementtype-1.1.3.tgz",
          "integrity": "sha1-vSh3PiZCiBrsUVRJJCmcXNgiGFs="
        },
        "entities": {
          "version": "1.1.1",
          "resolved": "https://registry.npmjs.org/entities/-/entities-1.1.1.tgz",
          "integrity": "sha1-blwtClYhtdra7O+AuQ7ftc13cvA="
        }
      }
    },
    "domelementtype": {
      "version": "1.3.0",
      "resolved": "https://registry.npmjs.org/domelementtype/-/domelementtype-1.3.0.tgz",
      "integrity": "sha1-sXrtguirWeUt2cGbF1bg/BhyBMI="
    },
    "domhandler": {
      "version": "2.3.0",
      "resolved": "https://registry.npmjs.org/domhandler/-/domhandler-2.3.0.tgz",
      "integrity": "sha1-LeWaCCLVAn+r/28DLCsloqir5zg=",
      "requires": {
        "domelementtype": "1.3.0"
      }
    },
    "domutils": {
      "version": "1.5.1",
      "resolved": "https://registry.npmjs.org/domutils/-/domutils-1.5.1.tgz",
      "integrity": "sha1-3NhIiib1Y9YQeeSMn3t+Mjc2gs8=",
      "requires": {
        "dom-serializer": "0.1.0",
        "domelementtype": "1.3.0"
      }
    },
    "enhance-visitors": {
      "version": "https://registry.npmjs.org/enhance-visitors/-/enhance-visitors-1.0.0.tgz",
      "integrity": "sha1-qpRdBdpGVnKh69OP7i7T2oUY6Vo=",
      "requires": {
        "lodash": "https://registry.npmjs.org/lodash/-/lodash-4.15.0.tgz"
      }
    },
    "entities": {
      "version": "1.0.0",
      "resolved": "https://registry.npmjs.org/entities/-/entities-1.0.0.tgz",
      "integrity": "sha1-sph6o4ITR/zeZCsk/fyeT7cSvyY="
    },
    "escape-string-regexp": {
      "version": "1.0.5",
      "resolved": "https://registry.npmjs.org/escape-string-regexp/-/escape-string-regexp-1.0.5.tgz",
      "integrity": "sha1-G2HAViGQqN/2rjuyzwIAyhMLhtQ="
    },
    "eslint-plugin-ava": {
      "version": "https://registry.npmjs.org/eslint-plugin-ava/-/eslint-plugin-ava-4.2.0.tgz",
      "integrity": "sha1-EuRmRlnB+ueJX6PzRsMTzriQfHc=",
      "requires": {
        "arrify": "https://registry.npmjs.org/arrify/-/arrify-1.0.1.tgz",
        "deep-strict-equal": "https://registry.npmjs.org/deep-strict-equal/-/deep-strict-equal-0.2.0.tgz",
        "enhance-visitors": "https://registry.npmjs.org/enhance-visitors/-/enhance-visitors-1.0.0.tgz",
        "espree": "https://registry.npmjs.org/espree/-/espree-3.4.0.tgz",
        "espurify": "https://registry.npmjs.org/espurify/-/espurify-1.7.0.tgz",
        "multimatch": "https://registry.npmjs.org/multimatch/-/multimatch-2.1.0.tgz",
        "pkg-up": "https://registry.npmjs.org/pkg-up/-/pkg-up-1.0.0.tgz",
        "req-all": "https://registry.npmjs.org/req-all/-/req-all-1.0.0.tgz"
      }
    },
    "eslint-plugin-eslint-comments": {
      "version": "1.0.3",
      "resolved": "https://registry.npmjs.org/eslint-plugin-eslint-comments/-/eslint-plugin-eslint-comments-1.0.3.tgz",
      "integrity": "sha512-jItPMZYMDv1OCn0RkGx8yu1rrP/8l88OcN/DKPrrU7qIroiSZ6kXayFjb1Oqj+KidPlNv+fjE8wuMwph85xVFA==",
      "requires": {
        "escape-string-regexp": "1.0.5"
      }
    },
    "eslint-plugin-filenames": {
      "version": "1.2.0",
      "resolved": "https://registry.npmjs.org/eslint-plugin-filenames/-/eslint-plugin-filenames-1.2.0.tgz",
      "integrity": "sha1-runByQGJyV0uSZAsFg7O7+zZn1M=",
      "requires": {
        "lodash.camelcase": "4.3.0",
        "lodash.kebabcase": "4.1.1",
        "lodash.snakecase": "4.1.1",
        "lodash.upperfirst": "4.3.1"
      }
    },
    "eslint-plugin-jsdoc": {
      "version": "3.1.3",
      "resolved": "https://registry.npmjs.org/eslint-plugin-jsdoc/-/eslint-plugin-jsdoc-3.1.3.tgz",
      "integrity": "sha512-ujXBhNQz57tLP0bs99QTDPiCX54EypczVhgg9CMJVD9iwfDeFZk5LkQHk+iPfKlV5tk8+dMm+Soxq8QmQK99ZA==",
      "requires": {
        "comment-parser": "0.4.1",
        "lodash": "https://registry.npmjs.org/lodash/-/lodash-4.15.0.tgz"
      }
    },
    "eslint-plugin-json": {
      "version": "1.2.0",
      "resolved": "https://registry.npmjs.org/eslint-plugin-json/-/eslint-plugin-json-1.2.0.tgz",
      "integrity": "sha1-m6c7sL6Z1QCT6In1uWhGPSow764=",
      "requires": {
        "jshint": "2.9.5"
      }
    },
    "eslint-plugin-node": {
      "version": "5.0.0",
      "resolved": "https://registry.npmjs.org/eslint-plugin-node/-/eslint-plugin-node-5.0.0.tgz",
      "integrity": "sha512-9xERRx9V/8ciUHlTDlz9S4JiTL6Dc5oO+jKTy2mvQpxjhycpYZXzTT1t90IXjf+nAYw6/8sDnZfkeixJHxromA==",
      "requires": {
        "ignore": "3.3.3",
        "minimatch": "3.0.4",
        "resolve": "1.3.3",
        "semver": "https://registry.npmjs.org/semver/-/semver-5.3.0.tgz"
      },
      "dependencies": {
        "balanced-match": {
          "version": "1.0.0",
          "resolved": "https://registry.npmjs.org/balanced-match/-/balanced-match-1.0.0.tgz",
          "integrity": "sha1-ibTRmasr7kneFk6gK4nORi1xt2c="
        },
        "brace-expansion": {
          "version": "1.1.8",
          "resolved": "https://registry.npmjs.org/brace-expansion/-/brace-expansion-1.1.8.tgz",
          "integrity": "sha1-wHshHHyVLsH479Uad+8NHTmQopI=",
          "requires": {
            "balanced-match": "1.0.0",
            "concat-map": "https://registry.npmjs.org/concat-map/-/concat-map-0.0.1.tgz"
          }
        },
        "ignore": {
          "version": "3.3.3",
          "resolved": "https://registry.npmjs.org/ignore/-/ignore-3.3.3.tgz",
          "integrity": "sha1-QyNS5XrM2HqzEQ6C0/6g5HgSFW0="
        },
        "minimatch": {
          "version": "3.0.4",
          "resolved": "https://registry.npmjs.org/minimatch/-/minimatch-3.0.4.tgz",
          "integrity": "sha512-yJHVQEhyqPLUTgt9B83PXu6W3rx4MvvHvSUvToogpwoGDOUQ+yDrR0HRot+yOCdCO7u4hX3pWft6kWBBcqh0UA==",
          "requires": {
            "brace-expansion": "1.1.8"
          }
        },
        "resolve": {
          "version": "1.3.3",
          "resolved": "https://registry.npmjs.org/resolve/-/resolve-1.3.3.tgz",
          "integrity": "sha1-ZVkHw0aahoDcLeOidaj91paR8OU=",
          "requires": {
            "path-parse": "https://registry.npmjs.org/path-parse/-/path-parse-1.0.5.tgz"
          }
        }
      }
    },
    "eslint-plugin-promise": {
      "version": "3.5.0",
      "resolved": "https://registry.npmjs.org/eslint-plugin-promise/-/eslint-plugin-promise-3.5.0.tgz",
      "integrity": "sha1-ePu2/+BHIBYnVp6FpsU3OvKmj8o="
    },
    "eslint-plugin-security": {
      "version": "1.4.0",
      "resolved": "https://registry.npmjs.org/eslint-plugin-security/-/eslint-plugin-security-1.4.0.tgz",
      "integrity": "sha512-xlS7P2PLMXeqfhyf3NpqbvbnW04kN8M9NtmhpR3XGyOvt/vNKS7XPXT5EDbwKW9vCjWH4PpfQvgD/+JgN0VJKA==",
      "requires": {
        "safe-regex": "1.1.0"
      }
    },
    "eslint-plugin-sort-class-members": {
      "version": "1.2.0",
      "resolved": "https://registry.npmjs.org/eslint-plugin-sort-class-members/-/eslint-plugin-sort-class-members-1.2.0.tgz",
      "integrity": "sha512-PbQa5WVkpudtMXN4P9iSuYrMPbLaClztCyS3btDMFr2cSDIbt8VjGRjz6Nb6wVGzV/c4MNG9eDnrLygKjSKWIw=="
    },
    "eslint-plugin-xss": {
      "version": "0.1.8",
      "resolved": "https://registry.npmjs.org/eslint-plugin-xss/-/eslint-plugin-xss-0.1.8.tgz",
      "integrity": "sha1-PyXU5Xqsid6eEq0iOELvwVwOPm0=",
      "requires": {
        "requireindex": "1.1.0"
      }
    },
    "espree": {
      "version": "https://registry.npmjs.org/espree/-/espree-3.4.0.tgz",
      "integrity": "sha1-QWVvpWKOBCh4Al70Z+ePEly4bh0=",
      "requires": {
        "acorn": "https://registry.npmjs.org/acorn/-/acorn-4.0.4.tgz",
        "acorn-jsx": "https://registry.npmjs.org/acorn-jsx/-/acorn-jsx-3.0.1.tgz"
      }
    },
    "espurify": {
      "version": "https://registry.npmjs.org/espurify/-/espurify-1.7.0.tgz",
      "integrity": "sha1-HFz2y8zDLm9jk4C9T5kfq5up0iY=",
      "requires": {
        "core-js": "https://registry.npmjs.org/core-js/-/core-js-2.4.1.tgz"
      }
    },
    "exit": {
      "version": "0.1.2",
      "resolved": "https://registry.npmjs.org/exit/-/exit-0.1.2.tgz",
      "integrity": "sha1-BjJjj42HfMghB9MKD/8aF8uhzQw="
    },
    "find-up": {
      "version": "https://registry.npmjs.org/find-up/-/find-up-1.1.2.tgz",
      "integrity": "sha1-ay6YIrGizgpgq2TWEOzK1TyyTQ8=",
      "requires": {
        "path-exists": "https://registry.npmjs.org/path-exists/-/path-exists-2.1.0.tgz",
        "pinkie-promise": "https://registry.npmjs.org/pinkie-promise/-/pinkie-promise-2.0.1.tgz"
      }
    },
    "fs.realpath": {
      "version": "1.0.0",
      "resolved": "https://registry.npmjs.org/fs.realpath/-/fs.realpath-1.0.0.tgz",
      "integrity": "sha1-FQStJSMVjKpA20onh8sBQRmU6k8="
    },
    "glob": {
      "version": "7.1.2",
      "resolved": "https://registry.npmjs.org/glob/-/glob-7.1.2.tgz",
      "integrity": "sha512-MJTUg1kjuLeQCJ+ccE4Vpa6kKVXkPYJ2mOCQyUuKLcLQsdrMCpBPUi8qVE6+YuaJkozeA9NusTAw3hLr8Xe5EQ==",
      "requires": {
        "fs.realpath": "1.0.0",
        "inflight": "1.0.6",
        "inherits": "2.0.3",
        "minimatch": "3.0.4",
        "once": "1.4.0",
        "path-is-absolute": "1.0.1"
      },
      "dependencies": {
        "balanced-match": {
          "version": "1.0.0",
          "resolved": "https://registry.npmjs.org/balanced-match/-/balanced-match-1.0.0.tgz",
          "integrity": "sha1-ibTRmasr7kneFk6gK4nORi1xt2c="
        },
        "brace-expansion": {
          "version": "1.1.8",
          "resolved": "https://registry.npmjs.org/brace-expansion/-/brace-expansion-1.1.8.tgz",
          "integrity": "sha1-wHshHHyVLsH479Uad+8NHTmQopI=",
          "requires": {
            "balanced-match": "1.0.0",
            "concat-map": "https://registry.npmjs.org/concat-map/-/concat-map-0.0.1.tgz"
          }
        },
        "minimatch": {
          "version": "3.0.4",
          "resolved": "https://registry.npmjs.org/minimatch/-/minimatch-3.0.4.tgz",
          "integrity": "sha512-yJHVQEhyqPLUTgt9B83PXu6W3rx4MvvHvSUvToogpwoGDOUQ+yDrR0HRot+yOCdCO7u4hX3pWft6kWBBcqh0UA==",
          "requires": {
            "brace-expansion": "1.1.8"
          }
        }
      }
    },
    "htmlparser2": {
      "version": "3.8.3",
      "resolved": "https://registry.npmjs.org/htmlparser2/-/htmlparser2-3.8.3.tgz",
      "integrity": "sha1-mWwosZFRaovoZQGn15dX5ccMEGg=",
      "requires": {
        "domelementtype": "1.3.0",
        "domhandler": "2.3.0",
        "domutils": "1.5.1",
        "entities": "1.0.0",
        "readable-stream": "1.1.14"
      },
      "dependencies": {
        "isarray": {
          "version": "0.0.1",
          "resolved": "https://registry.npmjs.org/isarray/-/isarray-0.0.1.tgz",
          "integrity": "sha1-ihis/Kmo9Bd+Cav8YDiTmwXR7t8="
        },
        "readable-stream": {
          "version": "1.1.14",
          "resolved": "https://registry.npmjs.org/readable-stream/-/readable-stream-1.1.14.tgz",
          "integrity": "sha1-fPTFTvZI44EwhMY23SB54WbAgdk=",
          "requires": {
            "core-util-is": "1.0.2",
            "inherits": "2.0.3",
            "isarray": "0.0.1",
            "string_decoder": "0.10.31"
          }
        },
        "string_decoder": {
          "version": "0.10.31",
          "resolved": "https://registry.npmjs.org/string_decoder/-/string_decoder-0.10.31.tgz",
          "integrity": "sha1-YuIDvEF2bGwoyfyEMB2rHFMQ+pQ="
        }
      }
    },
    "inflight": {
      "version": "1.0.6",
      "resolved": "https://registry.npmjs.org/inflight/-/inflight-1.0.6.tgz",
      "integrity": "sha1-Sb1jMdfQLQwJvJEKEHW6gWW1bfk=",
      "requires": {
        "once": "1.4.0",
        "wrappy": "1.0.2"
      }
    },
    "inherits": {
      "version": "2.0.3",
      "resolved": "https://registry.npmjs.org/inherits/-/inherits-2.0.3.tgz",
      "integrity": "sha1-Yzwsg+PaQqUC9SRmAiSA9CCCYd4="
    },
    "is-error": {
      "version": "https://registry.npmjs.org/is-error/-/is-error-2.2.1.tgz",
      "integrity": "sha1-aEqW2EB2V3yY9M20DG0mpRI78Zw="
    },
    "isarray": {
      "version": "1.0.0",
      "resolved": "https://registry.npmjs.org/isarray/-/isarray-1.0.0.tgz",
      "integrity": "sha1-u5NdSFgsuhaMBoNJV6VKPgcSTxE="
    },
    "jshint": {
      "version": "2.9.5",
      "resolved": "https://registry.npmjs.org/jshint/-/jshint-2.9.5.tgz",
      "integrity": "sha1-HnJSkVzmgbQIJ+4UJIxG006apiw=",
      "requires": {
        "cli": "1.0.1",
        "console-browserify": "1.1.0",
        "exit": "0.1.2",
        "htmlparser2": "3.8.3",
        "lodash": "3.7.0",
        "minimatch": "https://registry.npmjs.org/minimatch/-/minimatch-3.0.3.tgz",
        "shelljs": "0.3.0",
        "strip-json-comments": "1.0.4"
      },
      "dependencies": {
        "lodash": {
          "version": "3.7.0",
          "resolved": "https://registry.npmjs.org/lodash/-/lodash-3.7.0.tgz",
          "integrity": "sha1-Nni9irmVBXwHreg27S7wh9qBHUU="
        }
      }
    },
    "lodash": {
      "version": "https://registry.npmjs.org/lodash/-/lodash-4.15.0.tgz",
      "integrity": "sha1-MWI5HY8BQKoiz49rPDTWt/Y9Oqk="
    },
    "lodash.camelcase": {
      "version": "4.3.0",
      "resolved": "https://registry.npmjs.org/lodash.camelcase/-/lodash.camelcase-4.3.0.tgz",
      "integrity": "sha1-soqmKIorn8ZRA1x3EfZathkDMaY="
    },
    "lodash.kebabcase": {
      "version": "4.1.1",
      "resolved": "https://registry.npmjs.org/lodash.kebabcase/-/lodash.kebabcase-4.1.1.tgz",
      "integrity": "sha1-hImxyw0p/4gZXM7KRI/21swpXDY="
    },
    "lodash.snakecase": {
      "version": "4.1.1",
      "resolved": "https://registry.npmjs.org/lodash.snakecase/-/lodash.snakecase-4.1.1.tgz",
      "integrity": "sha1-OdcUo1NXFHg3rv1ktdy7Fr7Nj40="
    },
    "lodash.upperfirst": {
      "version": "4.3.1",
      "resolved": "https://registry.npmjs.org/lodash.upperfirst/-/lodash.upperfirst-4.3.1.tgz",
      "integrity": "sha1-E2Xt9DFIBIHvDRxolXpe2Z1J984="
    },
    "minimatch": {
      "version": "https://registry.npmjs.org/minimatch/-/minimatch-3.0.3.tgz",
      "integrity": "sha1-Kk5AkLlrLbBqnX3wEFWmKnfJt3Q=",
      "requires": {
        "brace-expansion": "https://registry.npmjs.org/brace-expansion/-/brace-expansion-1.1.6.tgz"
      }
    },
    "multimatch": {
      "version": "https://registry.npmjs.org/multimatch/-/multimatch-2.1.0.tgz",
      "integrity": "sha1-nHkGoi+0wCkZ4vX3UWG0zb1LKis=",
      "requires": {
        "array-differ": "https://registry.npmjs.org/array-differ/-/array-differ-1.0.0.tgz",
        "array-union": "https://registry.npmjs.org/array-union/-/array-union-1.0.2.tgz",
        "arrify": "https://registry.npmjs.org/arrify/-/arrify-1.0.1.tgz",
        "minimatch": "https://registry.npmjs.org/minimatch/-/minimatch-3.0.3.tgz"
      }
    },
    "once": {
      "version": "1.4.0",
      "resolved": "https://registry.npmjs.org/once/-/once-1.4.0.tgz",
      "integrity": "sha1-WDsap3WWHUsROsF9nFC6753Xa9E=",
      "requires": {
        "wrappy": "1.0.2"
      }
    },
    "path-exists": {
      "version": "https://registry.npmjs.org/path-exists/-/path-exists-2.1.0.tgz",
      "integrity": "sha1-D+tsZPD8UY2adU3V77YscCJ2H0s=",
      "requires": {
        "pinkie-promise": "https://registry.npmjs.org/pinkie-promise/-/pinkie-promise-2.0.1.tgz"
      }
    },
    "path-is-absolute": {
      "version": "1.0.1",
      "resolved": "https://registry.npmjs.org/path-is-absolute/-/path-is-absolute-1.0.1.tgz",
      "integrity": "sha1-F0uSaHNVNP+8es5r9TpanhtcX18="
    },
    "path-parse": {
      "version": "https://registry.npmjs.org/path-parse/-/path-parse-1.0.5.tgz",
      "integrity": "sha1-PBrfhx6pzWyUMbbqK9dKD/BVxME="
    },
    "pinkie": {
      "version": "https://registry.npmjs.org/pinkie/-/pinkie-2.0.4.tgz",
      "integrity": "sha1-clVrgM+g1IqXToDnckjoDtT3+HA="
    },
    "pinkie-promise": {
      "version": "https://registry.npmjs.org/pinkie-promise/-/pinkie-promise-2.0.1.tgz",
      "integrity": "sha1-ITXW36ejWMBprJsXh3YogihFD/o=",
      "requires": {
        "pinkie": "https://registry.npmjs.org/pinkie/-/pinkie-2.0.4.tgz"
      }
    },
    "pkg-up": {
      "version": "https://registry.npmjs.org/pkg-up/-/pkg-up-1.0.0.tgz",
      "integrity": "sha1-Pgj7RhUlxEIWJKM7n35tCvWwWiY=",
      "requires": {
        "find-up": "https://registry.npmjs.org/find-up/-/find-up-1.1.2.tgz"
      }
    },
    "process-nextick-args": {
      "version": "1.0.7",
      "resolved": "https://registry.npmjs.org/process-nextick-args/-/process-nextick-args-1.0.7.tgz",
      "integrity": "sha1-FQ4gt1ZZCtP5EJPyWk8q2L/zC6M="
    },
    "readable-stream": {
      "version": "2.3.3",
      "resolved": "https://registry.npmjs.org/readable-stream/-/readable-stream-2.3.3.tgz",
      "integrity": "sha512-m+qzzcn7KUxEmd1gMbchF+Y2eIUbieUaxkWtptyHywrX0rE8QEYqPC07Vuy4Wm32/xE16NcdBctb8S0Xe/5IeQ==",
      "requires": {
        "core-util-is": "1.0.2",
        "inherits": "2.0.3",
        "isarray": "1.0.0",
        "process-nextick-args": "1.0.7",
        "safe-buffer": "5.1.1",
        "string_decoder": "1.0.3",
        "util-deprecate": "1.0.2"
      }
    },
    "req-all": {
      "version": "https://registry.npmjs.org/req-all/-/req-all-1.0.0.tgz",
      "integrity": "sha1-0ShWlFHDQLQyQJxlbPFmJgzSYo0="
    },
    "requireindex": {
      "version": "1.1.0",
      "resolved": "https://registry.npmjs.org/requireindex/-/requireindex-1.1.0.tgz",
      "integrity": "sha1-5UBLgVV+91225JxacgBIk/4D4WI="
    },
    "ret": {
      "version": "0.1.15",
      "resolved": "https://registry.npmjs.org/ret/-/ret-0.1.15.tgz",
      "integrity": "sha512-TTlYpa+OL+vMMNG24xSlQGEJ3B/RzEfUlLct7b5G/ytav+wPrplCpVMFuwzXbkecJrb6IYo1iFb0S9v37754mg=="
    },
    "safe-buffer": {
      "version": "5.1.1",
      "resolved": "https://registry.npmjs.org/safe-buffer/-/safe-buffer-5.1.1.tgz",
      "integrity": "sha512-kKvNJn6Mm93gAczWVJg7wH+wGYWNrDHdWvpUmHyEsgCtIwwo3bqPtV4tR5tuPaUhTOo/kvhVwd8XwwOllGYkbg=="
    },
    "safe-regex": {
      "version": "1.1.0",
      "resolved": "https://registry.npmjs.org/safe-regex/-/safe-regex-1.1.0.tgz",
      "integrity": "sha1-QKNmnzsHfR6UPURinhV91IAjvy4=",
      "requires": {
        "ret": "0.1.15"
      }
    },
    "semver": {
      "version": "https://registry.npmjs.org/semver/-/semver-5.3.0.tgz",
      "integrity": "sha1-myzl094C0XxgEq0yaqa00M9U+U8="
    },
    "shelljs": {
      "version": "0.3.0",
      "resolved": "https://registry.npmjs.org/shelljs/-/shelljs-0.3.0.tgz",
      "integrity": "sha1-NZbmMHp4FUT1kfN9phg2DzHbV7E="
    },
    "string_decoder": {
      "version": "1.0.3",
      "resolved": "https://registry.npmjs.org/string_decoder/-/string_decoder-1.0.3.tgz",
      "integrity": "sha512-4AH6Z5fzNNBcH+6XDMfA/BTt87skxqJlO0lAh3Dker5zThcAxG6mKz+iGu308UKoPPQ8Dcqx/4JhujzltRa+hQ==",
      "requires": {
        "safe-buffer": "5.1.1"
      }
    },
    "strip-json-comments": {
      "version": "1.0.4",
      "resolved": "https://registry.npmjs.org/strip-json-comments/-/strip-json-comments-1.0.4.tgz",
      "integrity": "sha1-HhX7ysl9Pumb8tc7TGVrCCu6+5E="
    },
    "util-deprecate": {
      "version": "1.0.2",
      "resolved": "https://registry.npmjs.org/util-deprecate/-/util-deprecate-1.0.2.tgz",
      "integrity": "sha1-RQ1Nyfpw3nMnYvvS1KKJgUGaDM8="
    },
    "wrappy": {
      "version": "1.0.2",
      "resolved": "https://registry.npmjs.org/wrappy/-/wrappy-1.0.2.tgz",
      "integrity": "sha1-tSQ9jz7BqjXxNkYFvA0QNuMKtp8="
    }
  }
}
