{
  "name": "@freaktechnik/eslint-config-node",
  "version": "6.6.2",
  "lockfileVersion": 1,
  "requires": true,
  "dependencies": {
    "@freaktechnik/eslint-config-base": {
      "version": "6.6.2",
      "resolved": "https://registry.npmjs.org/@freaktechnik/eslint-config-base/-/eslint-config-base-6.6.2.tgz",
      "integrity": "sha512-eMbclPJQj/Piv1VIYyMYVurnTCJsGGZ1s3gKdktdYfY+4+apg2KfeN/FEyECMlG+RQxwuRyB2RYRbMRa3wVG4A==",
      "requires": {
        "eslint-plugin-array-func": "^3.1.3",
        "eslint-plugin-eslint-comments": "^3.1.0",
        "eslint-plugin-filenames": "^1.3.2",
        "eslint-plugin-jsdoc": "^4.1.0",
        "eslint-plugin-json-light": "^1.0.3",
        "eslint-plugin-promise": "^4.0.1",
        "eslint-plugin-security": "^1.4.0",
        "eslint-plugin-sort-class-members": "^1.4.0",
        "eslint-plugin-unicorn": "^7.1.0"
      }
    },
    "JSV": {
      "version": "4.0.2",
      "resolved": "https://registry.npmjs.org/JSV/-/JSV-4.0.2.tgz",
      "integrity": "sha1-0Hf2glVx+CEy+d/67Vh7QCn+/1c="
    },
    "ansi-styles": {
      "version": "1.0.0",
      "resolved": "https://registry.npmjs.org/ansi-styles/-/ansi-styles-1.0.0.tgz",
      "integrity": "sha1-yxAt8cVvUSPquLZ817mAJ6AnkXg="
    },
    "balanced-match": {
      "version": "1.0.0",
      "resolved": "https://registry.npmjs.org/balanced-match/-/balanced-match-1.0.0.tgz",
      "integrity": "sha1-ibTRmasr7kneFk6gK4nORi1xt2c="
    },
    "brace-expansion": {
      "version": "1.1.11",
      "resolved": "https://registry.npmjs.org/brace-expansion/-/brace-expansion-1.1.11.tgz",
      "integrity": "sha512-iCuPHDFgrHX7H2vEI/5xpz07zSHB00TpugqhmYtVmMO6518mCuRMoOYFldEBl0g187ufozdaHgWKcYFb61qGiA==",
      "requires": {
        "balanced-match": "^1.0.0",
        "concat-map": "0.0.1"
      }
    },
    "chalk": {
      "version": "0.4.0",
      "resolved": "https://registry.npmjs.org/chalk/-/chalk-0.4.0.tgz",
      "integrity": "sha1-UZmj3c0MHv4jvAjBsCewYXbgxk8=",
      "requires": {
        "ansi-styles": "~1.0.0",
        "has-color": "~0.1.0",
        "strip-ansi": "~0.1.0"
      }
    },
    "clean-regexp": {
      "version": "1.0.0",
      "resolved": "https://registry.npmjs.org/clean-regexp/-/clean-regexp-1.0.0.tgz",
      "integrity": "sha1-jffHquUf02h06PjQW5GAvBGj/tc=",
      "requires": {
        "escape-string-regexp": "^1.0.5"
      }
    },
    "comment-parser": {
      "version": "0.5.5",
      "resolved": "https://registry.npmjs.org/comment-parser/-/comment-parser-0.5.5.tgz",
      "integrity": "sha512-oB3TinFT+PV3p8UwDQt71+HkG03+zwPwikDlKU6ZDmql6QX2zFlQ+G0GGSDqyJhdZi4PSlzFBm+YJ+ebOX3Vgw=="
    },
    "concat-map": {
      "version": "0.0.1",
      "resolved": "https://registry.npmjs.org/concat-map/-/concat-map-0.0.1.tgz",
      "integrity": "sha1-2Klr13/Wjfd5OnMDajug1UBdR3s="
    },
    "escape-string-regexp": {
      "version": "1.0.5",
      "resolved": "https://registry.npmjs.org/escape-string-regexp/-/escape-string-regexp-1.0.5.tgz",
      "integrity": "sha1-G2HAViGQqN/2rjuyzwIAyhMLhtQ="
    },
    "eslint-ast-utils": {
      "version": "1.1.0",
      "resolved": "https://registry.npmjs.org/eslint-ast-utils/-/eslint-ast-utils-1.1.0.tgz",
      "integrity": "sha512-otzzTim2/1+lVrlH19EfQQJEhVJSu0zOb9ygb3iapN6UlyaDtyRq4b5U1FuW0v1lRa9Fp/GJyHkSwm6NqABgCA==",
      "requires": {
        "lodash.get": "^4.4.2",
        "lodash.zip": "^4.2.0"
      }
    },
    "eslint-plugin-array-func": {
      "version": "3.1.3",
      "resolved": "https://registry.npmjs.org/eslint-plugin-array-func/-/eslint-plugin-array-func-3.1.3.tgz",
      "integrity": "sha512-uRfJ4d9Fyyvxm6/w++++RSQoXZyERFF0+6zqupgg5Mw/+eG4y19yrptTghJlApntKlPZBpA4XCOIBzJbvLrArQ=="
    },
    "eslint-plugin-es": {
      "version": "1.4.0",
      "resolved": "https://registry.npmjs.org/eslint-plugin-es/-/eslint-plugin-es-1.4.0.tgz",
      "integrity": "sha512-XfFmgFdIUDgvaRAlaXUkxrRg5JSADoRC8IkKLc/cISeR3yHVMefFHQZpcyXXEUUPHfy5DwviBcrfqlyqEwlQVw==",
      "requires": {
        "eslint-utils": "^1.3.0",
        "regexpp": "^2.0.1"
      }
    },
    "eslint-plugin-eslint-comments": {
      "version": "3.1.2",
      "resolved": "https://registry.npmjs.org/eslint-plugin-eslint-comments/-/eslint-plugin-eslint-comments-3.1.2.tgz",
      "integrity": "sha512-QexaqrNeteFfRTad96W+Vi4Zj1KFbkHHNMMaHZEYcovKav6gdomyGzaxSDSL3GoIyUOo078wRAdYlu1caiauIQ==",
      "requires": {
        "escape-string-regexp": "^1.0.5",
        "ignore": "^5.0.5"
      }
    },
    "eslint-plugin-filenames": {
      "version": "1.3.2",
      "resolved": "https://registry.npmjs.org/eslint-plugin-filenames/-/eslint-plugin-filenames-1.3.2.tgz",
      "integrity": "sha512-tqxJTiEM5a0JmRCUYQmxw23vtTxrb2+a3Q2mMOPhFxvt7ZQQJmdiuMby9B/vUAuVMghyP7oET+nIf6EO6CBd/w==",
      "requires": {
        "lodash.camelcase": "4.3.0",
        "lodash.kebabcase": "4.1.1",
        "lodash.snakecase": "4.1.1",
        "lodash.upperfirst": "4.3.1"
      }
    },
    "eslint-plugin-jsdoc": {
      "version": "4.8.4",
      "resolved": "https://registry.npmjs.org/eslint-plugin-jsdoc/-/eslint-plugin-jsdoc-4.8.4.tgz",
      "integrity": "sha512-VDP+BI2hWpKNNdsJDSPofSQ9q7jGLgWbDMI0LzOeEcfsTjSS7jQtHDUuVLQ5E+OV2MPyQPk/3lnVcHfStXk5yA==",
      "requires": {
        "comment-parser": "^0.5.4",
        "jsdoctypeparser": "3.1.0",
        "lodash": "^4.17.11"
      }
    },
    "eslint-plugin-json-light": {
      "version": "1.0.3",
      "resolved": "https://registry.npmjs.org/eslint-plugin-json-light/-/eslint-plugin-json-light-1.0.3.tgz",
      "integrity": "sha512-XKxOAbll0EvgK96Jnxszo526oKijK9fcpU7kAZ1ftlr0OKKHsoI5dK3debTX9GqXzES1r2qOTyWtXe11Z/5V5g==",
      "requires": {
        "jsonlint": "^1.6.3"
      }
    },
    "eslint-plugin-node": {
      "version": "9.0.0",
      "resolved": "https://registry.npmjs.org/eslint-plugin-node/-/eslint-plugin-node-9.0.0.tgz",
      "integrity": "sha512-46VIO0apTu0b5Hh+lFsTGeRBG+3XksfVR3CrSrP+Bk+bYVuSQ3JxlCW3RLiJYtC0HxKbn4HFqepj+DT8HRUGGQ==",
      "requires": {
        "eslint-plugin-es": "^1.4.0",
        "eslint-utils": "^1.3.1",
        "ignore": "^5.1.1",
        "minimatch": "^3.0.4",
        "resolve": "^1.10.1",
        "semver": "^6.0.0"
      }
    },
    "eslint-plugin-promise": {
      "version": "4.2.1",
      "resolved": "https://registry.npmjs.org/eslint-plugin-promise/-/eslint-plugin-promise-4.2.1.tgz",
      "integrity": "sha512-VoM09vT7bfA7D+upt+FjeBO5eHIJQBUWki1aPvB+vbNiHS3+oGIJGIeyBtKQTME6UPXXy3vV07OL1tHd3ANuDw=="
    },
    "eslint-plugin-security": {
      "version": "1.4.0",
      "resolved": "https://registry.npmjs.org/eslint-plugin-security/-/eslint-plugin-security-1.4.0.tgz",
      "integrity": "sha512-xlS7P2PLMXeqfhyf3NpqbvbnW04kN8M9NtmhpR3XGyOvt/vNKS7XPXT5EDbwKW9vCjWH4PpfQvgD/+JgN0VJKA==",
      "requires": {
        "safe-regex": "^1.1.0"
      }
    },
    "eslint-plugin-sort-class-members": {
      "version": "1.5.0",
      "resolved": "https://registry.npmjs.org/eslint-plugin-sort-class-members/-/eslint-plugin-sort-class-members-1.5.0.tgz",
      "integrity": "sha512-LgseO8RQTJ1PJcnSlMNuSGIHHaJhSH+CUQE2jbsSVmKETwaW+tJLBNTHX7laTobXugrjvF6A+7RccxEKJY3t/A=="
    },
    "eslint-plugin-unicorn": {
      "version": "7.1.0",
      "resolved": "https://registry.npmjs.org/eslint-plugin-unicorn/-/eslint-plugin-unicorn-7.1.0.tgz",
      "integrity": "sha512-lW/ZwGR638V0XuZgR160qVQvPtw8tw3laKT5LjJPt+W+tN7kVf2S2V7x+ZrEEwSjEb3OiEzb3cppzaKuYtgYeg==",
      "requires": {
        "clean-regexp": "^1.0.0",
        "eslint-ast-utils": "^1.0.0",
        "import-modules": "^1.1.0",
        "lodash.camelcase": "^4.1.1",
        "lodash.kebabcase": "^4.0.1",
        "lodash.snakecase": "^4.0.1",
        "lodash.upperfirst": "^4.2.0",
        "safe-regex": "^2.0.1"
      },
      "dependencies": {
        "safe-regex": {
          "version": "2.0.2",
          "resolved": "https://registry.npmjs.org/safe-regex/-/safe-regex-2.0.2.tgz",
          "integrity": "sha512-rRALJT0mh4qVFIJ9HvfjKDN77F9vp7kltOpFFI/8e6oKyHFmmxz4aSkY/YVauRDe7U0RrHdw9Lsxdel3E19s0A==",
          "requires": {
            "regexp-tree": "~0.1.1"
          }
        }
      }
    },
    "eslint-utils": {
      "version": "1.4.2",
      "resolved": "https://registry.npmjs.org/eslint-utils/-/eslint-utils-1.4.2.tgz",
      "integrity": "sha512-eAZS2sEUMlIeCjBeubdj45dmBHQwPHWyBcT1VSYB7o9x9WRRqKxyUoiXlRjyAwzN7YEzHJlYg0NmzDRWx6GP4Q==",
      "requires": {
        "eslint-visitor-keys": "^1.0.0"
      }
    },
    "eslint-visitor-keys": {
      "version": "1.1.0",
      "resolved": "https://registry.npmjs.org/eslint-visitor-keys/-/eslint-visitor-keys-1.1.0.tgz",
      "integrity": "sha512-8y9YjtM1JBJU/A9Kc+SbaOV4y29sSWckBwMHa+FGtVj5gN/sbnKDf6xJUl+8g7FAij9LVaP8C24DUiH/f/2Z9A=="
    },
    "has-color": {
      "version": "0.1.7",
      "resolved": "https://registry.npmjs.org/has-color/-/has-color-0.1.7.tgz",
      "integrity": "sha1-ZxRKUmDDT8PMpnfQQdr1L+e3iy8="
    },
    "ignore": {
      "version": "5.1.1",
      "resolved": "https://registry.npmjs.org/ignore/-/ignore-5.1.1.tgz",
      "integrity": "sha512-DWjnQIFLenVrwyRCKZT+7a7/U4Cqgar4WG8V++K3hw+lrW1hc/SIwdiGmtxKCVACmHULTuGeBbHJmbwW7/sAvA=="
    },
    "import-modules": {
      "version": "1.1.0",
      "resolved": "https://registry.npmjs.org/import-modules/-/import-modules-1.1.0.tgz",
      "integrity": "sha1-dI23nFzEK7lwHvq0JPiU5yYA6dw="
    },
    "jsdoctypeparser": {
      "version": "3.1.0",
      "resolved": "https://registry.npmjs.org/jsdoctypeparser/-/jsdoctypeparser-3.1.0.tgz",
      "integrity": "sha512-JNbkKpDFqbYjg+IU3FNo7qjX7Opy7CwjHywT32zgAcz/d4lX6Umn5jOHVETUdnNNgGrMk0nEx1gvP0F4M0hzlQ=="
    },
    "jsonlint": {
      "version": "1.6.3",
      "resolved": "https://registry.npmjs.org/jsonlint/-/jsonlint-1.6.3.tgz",
      "integrity": "sha512-jMVTMzP+7gU/IyC6hvKyWpUU8tmTkK5b3BPNuMI9U8Sit+YAWLlZwB6Y6YrdCxfg2kNz05p3XY3Bmm4m26Nv3A==",
      "requires": {
        "JSV": "^4.0.x",
        "nomnom": "^1.5.x"
      }
    },
    "lodash": {
      "version": "4.17.15",
      "resolved": "https://registry.npmjs.org/lodash/-/lodash-4.17.15.tgz",
      "integrity": "sha512-8xOcRHvCjnocdS5cpwXQXVzmmh5e5+saE2QGoeQmbKmRS6J3VQppPOIt0MnmE+4xlZoumy0GPG0D0MVIQbNA1A=="
    },
    "lodash.camelcase": {
      "version": "4.3.0",
      "resolved": "https://registry.npmjs.org/lodash.camelcase/-/lodash.camelcase-4.3.0.tgz",
      "integrity": "sha1-soqmKIorn8ZRA1x3EfZathkDMaY="
    },
    "lodash.get": {
      "version": "4.4.2",
      "resolved": "https://registry.npmjs.org/lodash.get/-/lodash.get-4.4.2.tgz",
      "integrity": "sha1-LRd/ZS+jHpObRDjVNBSZ36OCXpk="
    },
    "lodash.kebabcase": {
      "version": "4.1.1",
      "resolved": "https://registry.npmjs.org/lodash.kebabcase/-/lodash.kebabcase-4.1.1.tgz",
      "integrity": "sha1-hImxyw0p/4gZXM7KRI/21swpXDY="
    },
    "lodash.snakecase": {
      "version": "4.1.1",
      "resolved": "https://registry.npmjs.org/lodash.snakecase/-/lodash.snakecase-4.1.1.tgz",
      "integrity": "sha1-OdcUo1NXFHg3rv1ktdy7Fr7Nj40="
    },
    "lodash.upperfirst": {
      "version": "4.3.1",
      "resolved": "https://registry.npmjs.org/lodash.upperfirst/-/lodash.upperfirst-4.3.1.tgz",
      "integrity": "sha1-E2Xt9DFIBIHvDRxolXpe2Z1J984="
    },
    "lodash.zip": {
      "version": "4.2.0",
      "resolved": "https://registry.npmjs.org/lodash.zip/-/lodash.zip-4.2.0.tgz",
      "integrity": "sha1-7GZi5IlkCO1KtsVCo5kLcswIACA="
    },
    "minimatch": {
      "version": "3.0.4",
      "resolved": "https://registry.npmjs.org/minimatch/-/minimatch-3.0.4.tgz",
      "integrity": "sha512-yJHVQEhyqPLUTgt9B83PXu6W3rx4MvvHvSUvToogpwoGDOUQ+yDrR0HRot+yOCdCO7u4hX3pWft6kWBBcqh0UA==",
      "requires": {
        "brace-expansion": "^1.1.7"
      }
    },
    "nomnom": {
      "version": "1.8.1",
      "resolved": "https://registry.npmjs.org/nomnom/-/nomnom-1.8.1.tgz",
      "integrity": "sha1-IVH3Ikcrp55Qp2/BJbuMjy5Nwqc=",
      "requires": {
        "chalk": "~0.4.0",
        "underscore": "~1.6.0"
      }
    },
    "path-parse": {
      "version": "1.0.6",
      "resolved": "https://registry.npmjs.org/path-parse/-/path-parse-1.0.6.tgz",
      "integrity": "sha512-GSmOT2EbHrINBf9SR7CDELwlJ8AENk3Qn7OikK4nFYAu3Ote2+JYNVvkpAEQm3/TLNEJFD/xZJjzyxg3KBWOzw=="
    },
    "regexp-tree": {
      "version": "0.1.12",
      "resolved": "https://registry.npmjs.org/regexp-tree/-/regexp-tree-0.1.12.tgz",
      "integrity": "sha512-TsXZ8+cv2uxMEkLfgwO0E068gsNMLfuYwMMhiUxf0Kw2Vcgzq93vgl6wIlIYuPmfMqMjfQ9zAporiozqCnwLuQ=="
    },
    "regexpp": {
      "version": "2.0.1",
      "resolved": "https://registry.npmjs.org/regexpp/-/regexpp-2.0.1.tgz",
      "integrity": "sha512-lv0M6+TkDVniA3aD1Eg0DVpfU/booSu7Eev3TDO/mZKHBfVjgCGTV4t4buppESEYDtkArYFOxTJWv6S5C+iaNw=="
    },
    "resolve": {
      "version": "1.10.1",
      "resolved": "https://registry.npmjs.org/resolve/-/resolve-1.10.1.tgz",
      "integrity": "sha512-KuIe4mf++td/eFb6wkaPbMDnP6kObCaEtIDuHOUED6MNUo4K670KZUHuuvYPZDxNF0WVLw49n06M2m2dXphEzA==",
      "requires": {
        "path-parse": "^1.0.6"
      }
    },
    "ret": {
      "version": "0.1.15",
      "resolved": "https://registry.npmjs.org/ret/-/ret-0.1.15.tgz",
      "integrity": "sha512-TTlYpa+OL+vMMNG24xSlQGEJ3B/RzEfUlLct7b5G/ytav+wPrplCpVMFuwzXbkecJrb6IYo1iFb0S9v37754mg=="
    },
    "safe-regex": {
      "version": "1.1.0",
      "resolved": "https://registry.npmjs.org/safe-regex/-/safe-regex-1.1.0.tgz",
      "integrity": "sha1-QKNmnzsHfR6UPURinhV91IAjvy4=",
      "requires": {
        "ret": "~0.1.10"
      }
    },
    "semver": {
      "version": "6.0.0",
      "resolved": "https://registry.npmjs.org/semver/-/semver-6.0.0.tgz",
      "integrity": "sha512-0UewU+9rFapKFnlbirLi3byoOuhrSsli/z/ihNnvM24vgF+8sNBiI1LZPBSH9wJKUwaUbw+s3hToDLCXkrghrQ=="
    },
    "strip-ansi": {
      "version": "0.1.1",
      "resolved": "https://registry.npmjs.org/strip-ansi/-/strip-ansi-0.1.1.tgz",
      "integrity": "sha1-OeipjQRNFQZgq+SmgIrPcLt7yZE="
    },
    "underscore": {
      "version": "1.6.0",
      "resolved": "https://registry.npmjs.org/underscore/-/underscore-1.6.0.tgz",
      "integrity": "sha1-izixDKze9jM3uLJOT/htRa6lKag="
    }
  }
}
