{
  "name": "@freaktechnik/eslint-config-extension",
  "version": "6.5.4",
  "lockfileVersion": 1,
  "requires": true,
  "dependencies": {
    "@babel/runtime": {
      "version": "7.1.5",
      "resolved": "https://registry.npmjs.org/@babel/runtime/-/runtime-7.1.5.tgz",
      "integrity": "sha512-xKnPpXG/pvK1B90JkwwxSGii90rQGKtzcMt2gI5G6+M0REXaq6rOHsGC2ay6/d0Uje7zzvSzjEzfR3ENhFlrfA==",
      "requires": {
        "regenerator-runtime": "^0.12.0"
      }
    },
    "@freaktechnik/eslint-config-base": {
      "version": "6.5.4",
      "resolved": "https://registry.npmjs.org/@freaktechnik/eslint-config-base/-/eslint-config-base-6.5.4.tgz",
      "integrity": "sha512-Vrd+RErXAVYEWfmQ0o+1OkKJ0htlDnA+WgOgr7Yyq5CPO6r//EqH0J1rYItT+MM5GlewsR/3rgzRSmNJakwW2g==",
      "requires": {
        "eslint-plugin-array-func": "^3.0.0",
        "eslint-plugin-eslint-comments": "^3.0.1",
        "eslint-plugin-filenames": "^1.3.2",
        "eslint-plugin-jsdoc": "^3.8.0",
        "eslint-plugin-json-light": "^1.0.3",
        "eslint-plugin-promise": "^4.0.1",
        "eslint-plugin-security": "^1.4.0",
        "eslint-plugin-sort-class-members": "^1.4.0",
        "eslint-plugin-unicorn": "^6.0.1"
      }
    },
    "@freaktechnik/eslint-config-browser": {
      "version": "6.5.4",
      "resolved": "https://registry.npmjs.org/@freaktechnik/eslint-config-browser/-/eslint-config-browser-6.5.4.tgz",
      "integrity": "sha512-+g/aIvqUWxe579JseOhoeJj2MNhDh2g2JYBmWmB+lFO67Wac7et9VJAgBEZvieFQ8+KhKLVzFeGKTV/dTaKTvg==",
      "requires": {
        "@freaktechnik/eslint-config-base": "^6.5.4",
        "eslint-plugin-compat": "^2.4.0",
        "eslint-plugin-xss": "^0.1.9"
      }
    },
    "JSV": {
      "version": "4.0.2",
      "resolved": "https://registry.npmjs.org/JSV/-/JSV-4.0.2.tgz",
      "integrity": "sha1-0Hf2glVx+CEy+d/67Vh7QCn+/1c="
    },
    "ansi-styles": {
      "version": "1.0.0",
      "resolved": "https://registry.npmjs.org/ansi-styles/-/ansi-styles-1.0.0.tgz",
      "integrity": "sha1-yxAt8cVvUSPquLZ817mAJ6AnkXg="
    },
    "browserslist": {
      "version": "4.3.4",
      "resolved": "https://registry.npmjs.org/browserslist/-/browserslist-4.3.4.tgz",
      "integrity": "sha512-u5iz+ijIMUlmV8blX82VGFrB9ecnUg5qEt55CMZ/YJEhha+d8qpBfOFuutJ6F/VKRXjZoD33b6uvarpPxcl3RA==",
      "requires": {
        "caniuse-lite": "^1.0.30000899",
        "electron-to-chromium": "^1.3.82",
        "node-releases": "^1.0.1"
      }
    },
    "caniuse-db": {
      "version": "1.0.30000912",
      "resolved": "https://registry.npmjs.org/caniuse-db/-/caniuse-db-1.0.30000912.tgz",
      "integrity": "sha512-uiepPdHcJ06Na9t15L5l+pp3NWQU4IETbmleghD6tqCqbIYqhHSu7nVfbK2gqPjfy+9jl/wHF1UQlyTszh9tJQ=="
    },
    "caniuse-lite": {
      "version": "1.0.30000912",
      "resolved": "https://registry.npmjs.org/caniuse-lite/-/caniuse-lite-1.0.30000912.tgz",
      "integrity": "sha512-M3zAtV36U+xw5mMROlTXpAHClmPAor6GPKAMD5Yi7glCB5sbMPFtnQ3rGpk4XqPdUrrTIaVYSJZxREZWNy8QJg=="
    },
    "chalk": {
      "version": "0.4.0",
      "resolved": "http://registry.npmjs.org/chalk/-/chalk-0.4.0.tgz",
      "integrity": "sha1-UZmj3c0MHv4jvAjBsCewYXbgxk8=",
      "requires": {
        "ansi-styles": "~1.0.0",
        "has-color": "~0.1.0",
        "strip-ansi": "~0.1.0"
      }
    },
    "clean-regexp": {
      "version": "1.0.0",
      "resolved": "https://registry.npmjs.org/clean-regexp/-/clean-regexp-1.0.0.tgz",
      "integrity": "sha1-jffHquUf02h06PjQW5GAvBGj/tc=",
      "requires": {
        "escape-string-regexp": "^1.0.5"
      }
    },
    "comment-parser": {
      "version": "0.5.0",
      "resolved": "https://registry.npmjs.org/comment-parser/-/comment-parser-0.5.0.tgz",
      "integrity": "sha512-sNM+U6+Kme4WDxjVJ+1N92BQm5SC0RbFD4TLXLJ+hThX3crW1q+7ObjUhylMYAjR/rWdB+7ZNLPjujVbGruHGQ==",
      "requires": {
        "readable-stream": "^2.0.4"
      }
    },
    "core-util-is": {
      "version": "1.0.2",
      "resolved": "https://registry.npmjs.org/core-util-is/-/core-util-is-1.0.2.tgz",
      "integrity": "sha1-tf1UIgqivFq1eqtxQMlAdUUDwac="
    },
    "electron-to-chromium": {
      "version": "1.3.85",
      "resolved": "https://registry.npmjs.org/electron-to-chromium/-/electron-to-chromium-1.3.85.tgz",
      "integrity": "sha512-kWSDVVF9t3mft2OHVZy4K85X2beP6c6mFm3teFS/mLSDJpQwuFIWHrULCX+w6H1E55ZYmFRlT+ATAFRwhrYzsw=="
    },
    "escape-string-regexp": {
      "version": "1.0.5",
      "resolved": "https://registry.npmjs.org/escape-string-regexp/-/escape-string-regexp-1.0.5.tgz",
      "integrity": "sha1-G2HAViGQqN/2rjuyzwIAyhMLhtQ="
    },
    "eslint-ast-utils": {
      "version": "1.1.0",
      "resolved": "https://registry.npmjs.org/eslint-ast-utils/-/eslint-ast-utils-1.1.0.tgz",
      "integrity": "sha512-otzzTim2/1+lVrlH19EfQQJEhVJSu0zOb9ygb3iapN6UlyaDtyRq4b5U1FuW0v1lRa9Fp/GJyHkSwm6NqABgCA==",
      "requires": {
        "lodash.get": "^4.4.2",
        "lodash.zip": "^4.2.0"
      }
    },
    "eslint-plugin-array-func": {
      "version": "3.1.0",
      "resolved": "https://registry.npmjs.org/eslint-plugin-array-func/-/eslint-plugin-array-func-3.1.0.tgz",
      "integrity": "sha512-O5s+MRmatsfDdliVycH53CNDGgfsoRpFBQL0X8EbLxz9edbSzt/c1lcUG8hFRIsy+h6vO13/V0AixWOQAsoHXg=="
    },
    "eslint-plugin-compat": {
      "version": "2.6.3",
      "resolved": "https://registry.npmjs.org/eslint-plugin-compat/-/eslint-plugin-compat-2.6.3.tgz",
      "integrity": "sha512-zog1HSEViOhzXNpP6a5T2SjX02A0EYkbYPWemwKupXyOY2hvV4+QbsWlYVzO7Vi36r+zzPwF19T3kaY1x+MrDg==",
      "requires": {
        "@babel/runtime": "^7.1.2",
        "browserslist": "^4.3.4",
        "caniuse-db": "^1.0.30000889",
        "mdn-browser-compat-data": "^0.0.54"
      }
    },
    "eslint-plugin-eslint-comments": {
      "version": "3.0.1",
      "resolved": "https://registry.npmjs.org/eslint-plugin-eslint-comments/-/eslint-plugin-eslint-comments-3.0.1.tgz",
      "integrity": "sha512-7zU6gCulKVmfG3AZdnvDxzfHaGdvkA8tsLiKbneeI/TlVaulJsRzOyMCctH9QTobKVJ6LIsiJbrkSKkgcFLHxw==",
      "requires": {
        "escape-string-regexp": "^1.0.5",
        "ignore": "^3.3.8"
      }
    },
    "eslint-plugin-filenames": {
      "version": "1.3.2",
      "resolved": "https://registry.npmjs.org/eslint-plugin-filenames/-/eslint-plugin-filenames-1.3.2.tgz",
      "integrity": "sha512-tqxJTiEM5a0JmRCUYQmxw23vtTxrb2+a3Q2mMOPhFxvt7ZQQJmdiuMby9B/vUAuVMghyP7oET+nIf6EO6CBd/w==",
      "requires": {
        "lodash.camelcase": "4.3.0",
        "lodash.kebabcase": "4.1.1",
        "lodash.snakecase": "4.1.1",
        "lodash.upperfirst": "4.3.1"
      }
    },
    "eslint-plugin-jsdoc": {
      "version": "3.9.1",
      "resolved": "https://registry.npmjs.org/eslint-plugin-jsdoc/-/eslint-plugin-jsdoc-3.9.1.tgz",
      "integrity": "sha512-kSQ62uraDa9QSv/5YncMZoKLScqrq7kt4lGGokH7Iyuqqzo2rZhERdrkPELLdnX4jWwkh+gYFZBt0PVIseKH1g==",
      "requires": {
        "comment-parser": "^0.5.0",
        "jsdoctypeparser": "^2.0.0-alpha-8",
        "lodash": "^4.17.11"
      }
    },
    "eslint-plugin-json-light": {
      "version": "1.0.3",
      "resolved": "https://registry.npmjs.org/eslint-plugin-json-light/-/eslint-plugin-json-light-1.0.3.tgz",
      "integrity": "sha512-XKxOAbll0EvgK96Jnxszo526oKijK9fcpU7kAZ1ftlr0OKKHsoI5dK3debTX9GqXzES1r2qOTyWtXe11Z/5V5g==",
      "requires": {
        "jsonlint": "^1.6.3"
      }
    },
    "eslint-plugin-promise": {
      "version": "4.0.1",
      "resolved": "https://registry.npmjs.org/eslint-plugin-promise/-/eslint-plugin-promise-4.0.1.tgz",
      "integrity": "sha512-Si16O0+Hqz1gDHsys6RtFRrW7cCTB6P7p3OJmKp3Y3dxpQE2qwOA7d3xnV+0mBmrPoi0RBnxlCKvqu70te6wjg=="
    },
    "eslint-plugin-security": {
      "version": "1.4.0",
      "resolved": "https://registry.npmjs.org/eslint-plugin-security/-/eslint-plugin-security-1.4.0.tgz",
      "integrity": "sha512-xlS7P2PLMXeqfhyf3NpqbvbnW04kN8M9NtmhpR3XGyOvt/vNKS7XPXT5EDbwKW9vCjWH4PpfQvgD/+JgN0VJKA==",
      "requires": {
        "safe-regex": "^1.1.0"
      }
    },
    "eslint-plugin-sort-class-members": {
      "version": "1.4.0",
      "resolved": "https://registry.npmjs.org/eslint-plugin-sort-class-members/-/eslint-plugin-sort-class-members-1.4.0.tgz",
      "integrity": "sha512-FQG6d4Cy2vYmG9gr6J138E91WaltqwOk/b/7GCssPqnUmizrcgOeN91bV5eOTuoS4RSH1Jdn4ukWEtyWLwV8ig=="
    },
    "eslint-plugin-unicorn": {
      "version": "6.0.1",
      "resolved": "https://registry.npmjs.org/eslint-plugin-unicorn/-/eslint-plugin-unicorn-6.0.1.tgz",
      "integrity": "sha512-hjy9LhTdtL7pz8WTrzS0CGXRkWK3VAPLDjihofj8JC+uxQLfXm0WwZPPPB7xKmcjRyoH+jruPHOCrHNEINpG/Q==",
      "requires": {
        "clean-regexp": "^1.0.0",
        "eslint-ast-utils": "^1.0.0",
        "import-modules": "^1.1.0",
        "lodash.camelcase": "^4.1.1",
        "lodash.kebabcase": "^4.0.1",
        "lodash.snakecase": "^4.0.1",
        "lodash.upperfirst": "^4.2.0",
        "safe-regex": "^1.1.0"
      }
    },
    "eslint-plugin-xss": {
      "version": "0.1.9",
      "resolved": "https://registry.npmjs.org/eslint-plugin-xss/-/eslint-plugin-xss-0.1.9.tgz",
      "integrity": "sha512-haR//GV2FQ9wgmSB6CTInPLDjKlpoDonH1Yi5GGNQVhFEH/nRZlkqJA5VfphJAAy/4zQighz1zuImrbRuSKAdQ==",
      "requires": {
        "requireindex": "~1.1.0"
      }
    },
    "extend": {
      "version": "3.0.2",
      "resolved": "https://registry.npmjs.org/extend/-/extend-3.0.2.tgz",
      "integrity": "sha512-fjquC59cD7CyW6urNXK0FBufkZcoiGG80wTuPujX590cB5Ttln20E2UB4S/WARVqhXffZl2LNgS+gQdPIIim/g=="
    },
    "has-color": {
      "version": "0.1.7",
      "resolved": "https://registry.npmjs.org/has-color/-/has-color-0.1.7.tgz",
      "integrity": "sha1-ZxRKUmDDT8PMpnfQQdr1L+e3iy8="
    },
    "ignore": {
      "version": "3.3.10",
      "resolved": "https://registry.npmjs.org/ignore/-/ignore-3.3.10.tgz",
      "integrity": "sha512-Pgs951kaMm5GXP7MOvxERINe3gsaVjUWFm+UZPSq9xYriQAksyhg0csnS0KXSNRD5NmNdapXEpjxG49+AKh/ug=="
    },
    "import-modules": {
      "version": "1.1.0",
      "resolved": "https://registry.npmjs.org/import-modules/-/import-modules-1.1.0.tgz",
      "integrity": "sha1-dI23nFzEK7lwHvq0JPiU5yYA6dw="
    },
    "inherits": {
      "version": "2.0.3",
      "resolved": "https://registry.npmjs.org/inherits/-/inherits-2.0.3.tgz",
      "integrity": "sha1-Yzwsg+PaQqUC9SRmAiSA9CCCYd4="
    },
    "isarray": {
      "version": "1.0.0",
      "resolved": "https://registry.npmjs.org/isarray/-/isarray-1.0.0.tgz",
      "integrity": "sha1-u5NdSFgsuhaMBoNJV6VKPgcSTxE="
    },
    "jsdoctypeparser": {
      "version": "2.0.0-alpha-8",
      "resolved": "https://registry.npmjs.org/jsdoctypeparser/-/jsdoctypeparser-2.0.0-alpha-8.tgz",
      "integrity": "sha1-uvE3+44qVYgQrc8Z0tKi9oDpCl8="
    },
    "jsonlint": {
      "version": "1.6.3",
      "resolved": "https://registry.npmjs.org/jsonlint/-/jsonlint-1.6.3.tgz",
      "integrity": "sha512-jMVTMzP+7gU/IyC6hvKyWpUU8tmTkK5b3BPNuMI9U8Sit+YAWLlZwB6Y6YrdCxfg2kNz05p3XY3Bmm4m26Nv3A==",
      "requires": {
        "JSV": "^4.0.x",
        "nomnom": "^1.5.x"
      }
    },
    "lodash": {
      "version": "4.17.11",
      "resolved": "https://registry.npmjs.org/lodash/-/lodash-4.17.11.tgz",
      "integrity": "sha512-cQKh8igo5QUhZ7lg38DYWAxMvjSAKG0A8wGSVimP07SIUEK2UO+arSRKbRZWtelMtN5V0Hkwh5ryOto/SshYIg=="
    },
    "lodash.camelcase": {
      "version": "4.3.0",
      "resolved": "https://registry.npmjs.org/lodash.camelcase/-/lodash.camelcase-4.3.0.tgz",
      "integrity": "sha1-soqmKIorn8ZRA1x3EfZathkDMaY="
    },
    "lodash.get": {
      "version": "4.4.2",
      "resolved": "https://registry.npmjs.org/lodash.get/-/lodash.get-4.4.2.tgz",
      "integrity": "sha1-LRd/ZS+jHpObRDjVNBSZ36OCXpk="
    },
    "lodash.kebabcase": {
      "version": "4.1.1",
      "resolved": "https://registry.npmjs.org/lodash.kebabcase/-/lodash.kebabcase-4.1.1.tgz",
      "integrity": "sha1-hImxyw0p/4gZXM7KRI/21swpXDY="
    },
    "lodash.snakecase": {
      "version": "4.1.1",
      "resolved": "https://registry.npmjs.org/lodash.snakecase/-/lodash.snakecase-4.1.1.tgz",
      "integrity": "sha1-OdcUo1NXFHg3rv1ktdy7Fr7Nj40="
    },
    "lodash.upperfirst": {
      "version": "4.3.1",
      "resolved": "https://registry.npmjs.org/lodash.upperfirst/-/lodash.upperfirst-4.3.1.tgz",
      "integrity": "sha1-E2Xt9DFIBIHvDRxolXpe2Z1J984="
    },
    "lodash.zip": {
      "version": "4.2.0",
      "resolved": "https://registry.npmjs.org/lodash.zip/-/lodash.zip-4.2.0.tgz",
      "integrity": "sha1-7GZi5IlkCO1KtsVCo5kLcswIACA="
    },
    "mdn-browser-compat-data": {
      "version": "0.0.54",
      "resolved": "https://registry.npmjs.org/mdn-browser-compat-data/-/mdn-browser-compat-data-0.0.54.tgz",
      "integrity": "sha512-eu0g/tlNB3+kqy1O7bzq84OR67Kg1HxRJ6v16P1rjcDsBL7RhJik7aXnzNvuaijNaR1rDana9IO5Lo1b3E4Qxg==",
      "requires": {
        "extend": "3.0.2"
      }
    },
    "node-releases": {
      "version": "1.0.5",
      "resolved": "https://registry.npmjs.org/node-releases/-/node-releases-1.0.5.tgz",
      "integrity": "sha512-Ky7q0BO1BBkG/rQz6PkEZ59rwo+aSfhczHP1wwq8IowoVdN/FpiP7qp0XW0P2+BVCWe5fQUBozdbVd54q1RbCQ==",
      "requires": {
        "semver": "^5.3.0"
      }
    },
    "nomnom": {
      "version": "1.8.1",
      "resolved": "https://registry.npmjs.org/nomnom/-/nomnom-1.8.1.tgz",
      "integrity": "sha1-IVH3Ikcrp55Qp2/BJbuMjy5Nwqc=",
      "requires": {
        "chalk": "~0.4.0",
        "underscore": "~1.6.0"
      }
    },
    "process-nextick-args": {
      "version": "2.0.0",
      "resolved": "https://registry.npmjs.org/process-nextick-args/-/process-nextick-args-2.0.0.tgz",
      "integrity": "sha512-MtEC1TqN0EU5nephaJ4rAtThHtC86dNN9qCuEhtshvpVBkAW5ZO7BASN9REnF9eoXGcRub+pFuKEpOHE+HbEMw=="
    },
    "readable-stream": {
      "version": "2.3.6",
      "resolved": "http://registry.npmjs.org/readable-stream/-/readable-stream-2.3.6.tgz",
      "integrity": "sha512-tQtKA9WIAhBF3+VLAseyMqZeBjW0AHJoxOtYqSUZNJxauErmLbVm2FW1y+J/YA9dUrAC39ITejlZWhVIwawkKw==",
      "requires": {
        "core-util-is": "~1.0.0",
        "inherits": "~2.0.3",
        "isarray": "~1.0.0",
        "process-nextick-args": "~2.0.0",
        "safe-buffer": "~5.1.1",
        "string_decoder": "~1.1.1",
        "util-deprecate": "~1.0.1"
      }
    },
    "regenerator-runtime": {
      "version": "0.12.1",
      "resolved": "https://registry.npmjs.org/regenerator-runtime/-/regenerator-runtime-0.12.1.tgz",
      "integrity": "sha512-odxIc1/vDlo4iZcfXqRYFj0vpXFNoGdKMAUieAlFYO6m/nl5e9KR/beGf41z4a1FI+aQgtjhuaSlDxQ0hmkrHg=="
    },
    "requireindex": {
      "version": "1.1.0",
      "resolved": "https://registry.npmjs.org/requireindex/-/requireindex-1.1.0.tgz",
      "integrity": "sha1-5UBLgVV+91225JxacgBIk/4D4WI="
    },
    "ret": {
      "version": "0.1.15",
      "resolved": "https://registry.npmjs.org/ret/-/ret-0.1.15.tgz",
      "integrity": "sha512-TTlYpa+OL+vMMNG24xSlQGEJ3B/RzEfUlLct7b5G/ytav+wPrplCpVMFuwzXbkecJrb6IYo1iFb0S9v37754mg=="
    },
    "safe-buffer": {
      "version": "5.1.2",
      "resolved": "https://registry.npmjs.org/safe-buffer/-/safe-buffer-5.1.2.tgz",
      "integrity": "sha512-Gd2UZBJDkXlY7GbJxfsE8/nvKkUEU1G38c1siN6QP6a9PT9MmHB8GnpscSmMJSoF8LOIrt8ud/wPtojys4G6+g=="
    },
    "safe-regex": {
      "version": "1.1.0",
      "resolved": "http://registry.npmjs.org/safe-regex/-/safe-regex-1.1.0.tgz",
      "integrity": "sha1-QKNmnzsHfR6UPURinhV91IAjvy4=",
      "requires": {
        "ret": "~0.1.10"
      }
    },
    "semver": {
      "version": "5.6.0",
      "resolved": "https://registry.npmjs.org/semver/-/semver-5.6.0.tgz",
      "integrity": "sha512-RS9R6R35NYgQn++fkDWaOmqGoj4Ek9gGs+DPxNUZKuwE183xjJroKvyo1IzVFeXvUrvmALy6FWD5xrdJT25gMg=="
    },
    "string_decoder": {
      "version": "1.1.1",
      "resolved": "http://registry.npmjs.org/string_decoder/-/string_decoder-1.1.1.tgz",
      "integrity": "sha512-n/ShnvDi6FHbbVfviro+WojiFzv+s8MPMHBczVePfUpDJLwoLT0ht1l4YwBCbi8pJAveEEdnkHyPyTP/mzRfwg==",
      "requires": {
        "safe-buffer": "~5.1.0"
      }
    },
    "strip-ansi": {
      "version": "0.1.1",
      "resolved": "http://registry.npmjs.org/strip-ansi/-/strip-ansi-0.1.1.tgz",
      "integrity": "sha1-OeipjQRNFQZgq+SmgIrPcLt7yZE="
    },
    "underscore": {
      "version": "1.6.0",
      "resolved": "https://registry.npmjs.org/underscore/-/underscore-1.6.0.tgz",
      "integrity": "sha1-izixDKze9jM3uLJOT/htRa6lKag="
    },
    "util-deprecate": {
      "version": "1.0.2",
      "resolved": "https://registry.npmjs.org/util-deprecate/-/util-deprecate-1.0.2.tgz",
      "integrity": "sha1-RQ1Nyfpw3nMnYvvS1KKJgUGaDM8="
    }
  }
}
