{
  "name": "@freaktechnik/eslint-config-extension",
  "version": "6.4.4",
  "lockfileVersion": 1,
  "requires": true,
  "dependencies": {
    "@freaktechnik/eslint-config-base": {
      "version": "6.4.4",
      "resolved": "https://registry.npmjs.org/@freaktechnik/eslint-config-base/-/eslint-config-base-6.4.4.tgz",
      "integrity": "sha512-v7ahB6xxP7orftgLE23MAu2IHrgaWVBHGFjQqQ0/x1uwJ0uVLaMe4F/yM+sbLFbwGmKVgyD9R6xQWV6Ic6bqNQ==",
      "requires": {
        "eslint-plugin-array-func": "^3.0.0",
        "eslint-plugin-eslint-comments": "^3.0.0",
        "eslint-plugin-filenames": "^1.3.2",
        "eslint-plugin-jsdoc": "^3.7.1",
        "eslint-plugin-json": "^1.2.0",
        "eslint-plugin-promise": "^3.8.0",
        "eslint-plugin-security": "^1.4.0",
        "eslint-plugin-sort-class-members": "^1.3.1",
        "eslint-plugin-tree-shaking": "^1.7.3",
        "eslint-plugin-unicorn": "^4.0.3"
      }
    },
    "@freaktechnik/eslint-config-browser": {
      "version": "6.4.4",
      "resolved": "https://registry.npmjs.org/@freaktechnik/eslint-config-browser/-/eslint-config-browser-6.4.4.tgz",
      "integrity": "sha512-sx5R73Fm8XBhPhIe3K6UsKnMhklXF4CYz1/jXZWkYX3spvocnBc02lx/rJG4eK4y4cWdIYSMlLDDGZYtgVyg9Q==",
      "requires": {
        "@freaktechnik/eslint-config-base": "^6.4.4",
        "eslint-plugin-compat": "^2.4.0",
        "eslint-plugin-xss": "^0.1.9"
      }
    },
    "babel-runtime": {
      "version": "6.26.0",
      "resolved": "https://registry.npmjs.org/babel-runtime/-/babel-runtime-6.26.0.tgz",
      "integrity": "sha1-llxwWGaOgrVde/4E/yM3vItWR/4=",
      "requires": {
        "core-js": "^2.4.0",
        "regenerator-runtime": "^0.11.0"
      }
    },
    "balanced-match": {
      "version": "1.0.0",
      "resolved": "https://registry.npmjs.org/balanced-match/-/balanced-match-1.0.0.tgz",
      "integrity": "sha1-ibTRmasr7kneFk6gK4nORi1xt2c="
    },
    "brace-expansion": {
      "version": "1.1.11",
      "resolved": "https://registry.npmjs.org/brace-expansion/-/brace-expansion-1.1.11.tgz",
      "integrity": "sha512-iCuPHDFgrHX7H2vEI/5xpz07zSHB00TpugqhmYtVmMO6518mCuRMoOYFldEBl0g187ufozdaHgWKcYFb61qGiA==",
      "requires": {
        "balanced-match": "^1.0.0",
        "concat-map": "0.0.1"
      }
    },
    "browserslist": {
      "version": "4.0.1",
      "resolved": "https://registry.npmjs.org/browserslist/-/browserslist-4.0.1.tgz",
      "integrity": "sha512-QqiiIWchEIkney3wY53/huI7ZErouNAdvOkjorUALAwRcu3tEwOV3Sh6He0DnP38mz1JjBpCBb50jQBmaYuHPw==",
      "requires": {
        "caniuse-lite": "^1.0.30000865",
        "electron-to-chromium": "^1.3.52",
        "node-releases": "^1.0.0-alpha.10"
      }
    },
    "caniuse-db": {
      "version": "1.0.30000867",
      "resolved": "https://registry.npmjs.org/caniuse-db/-/caniuse-db-1.0.30000867.tgz",
      "integrity": "sha1-tVpuz6wxB5iJQMnH3+GGYxUxLJc="
    },
    "caniuse-lite": {
      "version": "1.0.30000865",
      "resolved": "https://registry.npmjs.org/caniuse-lite/-/caniuse-lite-1.0.30000865.tgz",
      "integrity": "sha512-vs79o1mOSKRGv/1pSkp4EXgl4ZviWeYReXw60XfacPU64uQWZwJT6vZNmxRF9O+6zu71sJwMxLK5JXxbzuVrLw=="
    },
    "clean-regexp": {
      "version": "1.0.0",
      "resolved": "https://registry.npmjs.org/clean-regexp/-/clean-regexp-1.0.0.tgz",
      "integrity": "sha1-jffHquUf02h06PjQW5GAvBGj/tc=",
      "requires": {
        "escape-string-regexp": "^1.0.5"
      }
    },
    "cli": {
      "version": "1.0.1",
      "resolved": "https://registry.npmjs.org/cli/-/cli-1.0.1.tgz",
      "integrity": "sha1-IoF1NPJL+klQw01TLUjsvGIbjBQ=",
      "requires": {
        "exit": "0.1.2",
        "glob": "^7.1.1"
      }
    },
    "comment-parser": {
      "version": "0.4.2",
      "resolved": "https://registry.npmjs.org/comment-parser/-/comment-parser-0.4.2.tgz",
      "integrity": "sha1-+lo/eAEwcBFIZtx7jpzzF6ljX3Q=",
      "requires": {
        "readable-stream": "^2.0.4"
      }
    },
    "concat-map": {
      "version": "0.0.1",
      "resolved": "https://registry.npmjs.org/concat-map/-/concat-map-0.0.1.tgz",
      "integrity": "sha1-2Klr13/Wjfd5OnMDajug1UBdR3s="
    },
    "console-browserify": {
      "version": "1.1.0",
      "resolved": "https://registry.npmjs.org/console-browserify/-/console-browserify-1.1.0.tgz",
      "integrity": "sha1-8CQcRXMKn8YyOyBtvzjtx0HQuxA=",
      "requires": {
        "date-now": "^0.1.4"
      }
    },
    "core-js": {
      "version": "2.5.7",
      "resolved": "https://registry.npmjs.org/core-js/-/core-js-2.5.7.tgz",
      "integrity": "sha512-RszJCAxg/PP6uzXVXL6BsxSXx/B05oJAQ2vkJRjyjrEcNVycaqOmNb5OTxZPE3xa5gwZduqza6L9JOCenh/Ecw=="
    },
    "core-util-is": {
      "version": "1.0.2",
      "resolved": "https://registry.npmjs.org/core-util-is/-/core-util-is-1.0.2.tgz",
      "integrity": "sha1-tf1UIgqivFq1eqtxQMlAdUUDwac="
    },
    "date-now": {
      "version": "0.1.4",
      "resolved": "https://registry.npmjs.org/date-now/-/date-now-0.1.4.tgz",
      "integrity": "sha1-6vQ5/U1ISK105cx9vvIAZyueNFs="
    },
    "dom-serializer": {
      "version": "0.1.0",
      "resolved": "https://registry.npmjs.org/dom-serializer/-/dom-serializer-0.1.0.tgz",
      "integrity": "sha1-BzxpdUbOB4DOI75KKOKT5AvDDII=",
      "requires": {
        "domelementtype": "~1.1.1",
        "entities": "~1.1.1"
      },
      "dependencies": {
        "domelementtype": {
          "version": "1.1.3",
          "resolved": "https://registry.npmjs.org/domelementtype/-/domelementtype-1.1.3.tgz",
          "integrity": "sha1-vSh3PiZCiBrsUVRJJCmcXNgiGFs="
        },
        "entities": {
          "version": "1.1.1",
          "resolved": "https://registry.npmjs.org/entities/-/entities-1.1.1.tgz",
          "integrity": "sha1-blwtClYhtdra7O+AuQ7ftc13cvA="
        }
      }
    },
    "domelementtype": {
      "version": "1.3.0",
      "resolved": "https://registry.npmjs.org/domelementtype/-/domelementtype-1.3.0.tgz",
      "integrity": "sha1-sXrtguirWeUt2cGbF1bg/BhyBMI="
    },
    "domhandler": {
      "version": "2.3.0",
      "resolved": "https://registry.npmjs.org/domhandler/-/domhandler-2.3.0.tgz",
      "integrity": "sha1-LeWaCCLVAn+r/28DLCsloqir5zg=",
      "requires": {
        "domelementtype": "1"
      }
    },
    "domutils": {
      "version": "1.5.1",
      "resolved": "https://registry.npmjs.org/domutils/-/domutils-1.5.1.tgz",
      "integrity": "sha1-3NhIiib1Y9YQeeSMn3t+Mjc2gs8=",
      "requires": {
        "dom-serializer": "0",
        "domelementtype": "1"
      }
    },
    "electron-to-chromium": {
      "version": "1.3.52",
      "resolved": "https://registry.npmjs.org/electron-to-chromium/-/electron-to-chromium-1.3.52.tgz",
      "integrity": "sha1-0tnxJwuko7lnuDHEDvcftNmrXOA="
    },
    "entities": {
      "version": "1.0.0",
      "resolved": "https://registry.npmjs.org/entities/-/entities-1.0.0.tgz",
      "integrity": "sha1-sph6o4ITR/zeZCsk/fyeT7cSvyY="
    },
    "escape-string-regexp": {
      "version": "1.0.5",
      "resolved": "https://registry.npmjs.org/escape-string-regexp/-/escape-string-regexp-1.0.5.tgz",
      "integrity": "sha1-G2HAViGQqN/2rjuyzwIAyhMLhtQ="
    },
    "eslint-ast-utils": {
      "version": "1.1.0",
      "resolved": "https://registry.npmjs.org/eslint-ast-utils/-/eslint-ast-utils-1.1.0.tgz",
      "integrity": "sha512-otzzTim2/1+lVrlH19EfQQJEhVJSu0zOb9ygb3iapN6UlyaDtyRq4b5U1FuW0v1lRa9Fp/GJyHkSwm6NqABgCA==",
      "requires": {
        "lodash.get": "^4.4.2",
        "lodash.zip": "^4.2.0"
      }
    },
    "eslint-plugin-array-func": {
      "version": "3.0.0",
      "resolved": "https://registry.npmjs.org/eslint-plugin-array-func/-/eslint-plugin-array-func-3.0.0.tgz",
      "integrity": "sha512-aUZ9wQiPl31ewbHxTN38rgaVOfQwg7Pyauq+5LWcTO4QQwvHZnCh2TPZFsaXhnBg3XmLT/AZogRThV/flz7ulQ=="
    },
    "eslint-plugin-compat": {
      "version": "2.5.0",
      "resolved": "https://registry.npmjs.org/eslint-plugin-compat/-/eslint-plugin-compat-2.5.0.tgz",
      "integrity": "sha1-o13RJJUn6vIXC1oGPzPU2xofxmQ=",
      "requires": {
        "babel-runtime": "^6.26.0",
        "browserslist": "^4.0.0",
        "caniuse-db": "^1.0.30000865",
        "mdn-browser-compat-data": "^0.0.40",
        "requireindex": "^1.2.0"
      }
    },
    "eslint-plugin-eslint-comments": {
      "version": "3.0.1",
      "resolved": "https://registry.npmjs.org/eslint-plugin-eslint-comments/-/eslint-plugin-eslint-comments-3.0.1.tgz",
      "integrity": "sha512-7zU6gCulKVmfG3AZdnvDxzfHaGdvkA8tsLiKbneeI/TlVaulJsRzOyMCctH9QTobKVJ6LIsiJbrkSKkgcFLHxw==",
      "requires": {
        "escape-string-regexp": "^1.0.5",
        "ignore": "^3.3.8"
      }
    },
    "eslint-plugin-filenames": {
      "version": "1.3.2",
      "resolved": "https://registry.npmjs.org/eslint-plugin-filenames/-/eslint-plugin-filenames-1.3.2.tgz",
      "integrity": "sha512-tqxJTiEM5a0JmRCUYQmxw23vtTxrb2+a3Q2mMOPhFxvt7ZQQJmdiuMby9B/vUAuVMghyP7oET+nIf6EO6CBd/w==",
      "requires": {
        "lodash.camelcase": "4.3.0",
        "lodash.kebabcase": "4.1.1",
        "lodash.snakecase": "4.1.1",
        "lodash.upperfirst": "4.3.1"
      }
    },
    "eslint-plugin-jsdoc": {
      "version": "3.7.1",
      "resolved": "https://registry.npmjs.org/eslint-plugin-jsdoc/-/eslint-plugin-jsdoc-3.7.1.tgz",
      "integrity": "sha512-Us8EIFX0KK7bdlvRaCoR45LGvfjjpYGVTV7xGGRIR1YWKJzWJEcZsrkpf2rYLBTA5mBvLxDB5EEv1UPtwwVvhA==",
      "requires": {
        "comment-parser": "^0.4.2",
        "jsdoctypeparser": "^2.0.0-alpha-8",
        "lodash": "^4.17.4"
      }
    },
    "eslint-plugin-json": {
      "version": "1.2.0",
      "resolved": "https://registry.npmjs.org/eslint-plugin-json/-/eslint-plugin-json-1.2.0.tgz",
      "integrity": "sha1-m6c7sL6Z1QCT6In1uWhGPSow764=",
      "requires": {
        "jshint": "^2.8.0"
      }
    },
    "eslint-plugin-promise": {
      "version": "3.8.0",
      "resolved": "https://registry.npmjs.org/eslint-plugin-promise/-/eslint-plugin-promise-3.8.0.tgz",
      "integrity": "sha512-JiFL9UFR15NKpHyGii1ZcvmtIqa3UTwiDAGb8atSffe43qJ3+1czVGN6UtkklpcJ2DVnqvTMzEKRaJdBkAL2aQ=="
    },
    "eslint-plugin-security": {
      "version": "1.4.0",
      "resolved": "https://registry.npmjs.org/eslint-plugin-security/-/eslint-plugin-security-1.4.0.tgz",
      "integrity": "sha512-xlS7P2PLMXeqfhyf3NpqbvbnW04kN8M9NtmhpR3XGyOvt/vNKS7XPXT5EDbwKW9vCjWH4PpfQvgD/+JgN0VJKA==",
      "requires": {
        "safe-regex": "^1.1.0"
      }
    },
    "eslint-plugin-sort-class-members": {
      "version": "1.3.1",
      "resolved": "https://registry.npmjs.org/eslint-plugin-sort-class-members/-/eslint-plugin-sort-class-members-1.3.1.tgz",
      "integrity": "sha512-2CVaUONJuaGHwZtlAfGaNNCq1hy8HH5bOO0kr4sCsLtJvGhm3wzAyxnBScT9bJaR3LkfbmHS4lLJ/sAWZHqAxA=="
    },
    "eslint-plugin-tree-shaking": {
      "version": "1.7.3",
      "resolved": "https://registry.npmjs.org/eslint-plugin-tree-shaking/-/eslint-plugin-tree-shaking-1.7.3.tgz",
      "integrity": "sha512-9/3QGXctHWh6nAekjm22MJ8QAYG0VYp4oSToYhmKtiAeeGHUgBZBoH1XE8GCFqlepuJYxDhkLRcuPREEQAJNjQ=="
    },
    "eslint-plugin-unicorn": {
      "version": "4.0.3",
      "resolved": "https://registry.npmjs.org/eslint-plugin-unicorn/-/eslint-plugin-unicorn-4.0.3.tgz",
      "integrity": "sha512-F1JMyd42hx4qGhIaVdOSbDyhcxPgTy4BOzctTCkV+hqebPBUOAQn1f5AhMK2LTyiqCmKiTs8huAErbLBSWKoCQ==",
      "requires": {
        "clean-regexp": "^1.0.0",
        "eslint-ast-utils": "^1.0.0",
        "import-modules": "^1.1.0",
        "lodash.camelcase": "^4.1.1",
        "lodash.kebabcase": "^4.0.1",
        "lodash.snakecase": "^4.0.1",
        "lodash.upperfirst": "^4.2.0",
        "safe-regex": "^1.1.0"
      }
    },
    "eslint-plugin-xss": {
      "version": "0.1.9",
      "resolved": "https://registry.npmjs.org/eslint-plugin-xss/-/eslint-plugin-xss-0.1.9.tgz",
      "integrity": "sha512-haR//GV2FQ9wgmSB6CTInPLDjKlpoDonH1Yi5GGNQVhFEH/nRZlkqJA5VfphJAAy/4zQighz1zuImrbRuSKAdQ==",
      "requires": {
        "requireindex": "~1.1.0"
      },
      "dependencies": {
        "requireindex": {
          "version": "1.1.0",
          "resolved": "https://registry.npmjs.org/requireindex/-/requireindex-1.1.0.tgz",
          "integrity": "sha1-5UBLgVV+91225JxacgBIk/4D4WI="
        }
      }
    },
    "exit": {
      "version": "0.1.2",
      "resolved": "https://registry.npmjs.org/exit/-/exit-0.1.2.tgz",
      "integrity": "sha1-BjJjj42HfMghB9MKD/8aF8uhzQw="
    },
    "extend": {
      "version": "3.0.1",
      "resolved": "https://registry.npmjs.org/extend/-/extend-3.0.1.tgz",
      "integrity": "sha1-p1Xqe8Gt/MWjHOfnYtuq3F5jZEQ="
    },
    "fs.realpath": {
      "version": "1.0.0",
      "resolved": "https://registry.npmjs.org/fs.realpath/-/fs.realpath-1.0.0.tgz",
      "integrity": "sha1-FQStJSMVjKpA20onh8sBQRmU6k8="
    },
    "glob": {
      "version": "7.1.2",
      "resolved": "https://registry.npmjs.org/glob/-/glob-7.1.2.tgz",
      "integrity": "sha512-MJTUg1kjuLeQCJ+ccE4Vpa6kKVXkPYJ2mOCQyUuKLcLQsdrMCpBPUi8qVE6+YuaJkozeA9NusTAw3hLr8Xe5EQ==",
      "requires": {
        "fs.realpath": "^1.0.0",
        "inflight": "^1.0.4",
        "inherits": "2",
        "minimatch": "^3.0.4",
        "once": "^1.3.0",
        "path-is-absolute": "^1.0.0"
      }
    },
    "htmlparser2": {
      "version": "3.8.3",
      "resolved": "https://registry.npmjs.org/htmlparser2/-/htmlparser2-3.8.3.tgz",
      "integrity": "sha1-mWwosZFRaovoZQGn15dX5ccMEGg=",
      "requires": {
        "domelementtype": "1",
        "domhandler": "2.3",
        "domutils": "1.5",
        "entities": "1.0",
        "readable-stream": "1.1"
      },
      "dependencies": {
        "isarray": {
          "version": "0.0.1",
          "resolved": "https://registry.npmjs.org/isarray/-/isarray-0.0.1.tgz",
          "integrity": "sha1-ihis/Kmo9Bd+Cav8YDiTmwXR7t8="
        },
        "readable-stream": {
          "version": "1.1.14",
          "resolved": "https://registry.npmjs.org/readable-stream/-/readable-stream-1.1.14.tgz",
          "integrity": "sha1-fPTFTvZI44EwhMY23SB54WbAgdk=",
          "requires": {
            "core-util-is": "~1.0.0",
            "inherits": "~2.0.1",
            "isarray": "0.0.1",
            "string_decoder": "~0.10.x"
          }
        },
        "string_decoder": {
          "version": "0.10.31",
          "resolved": "https://registry.npmjs.org/string_decoder/-/string_decoder-0.10.31.tgz",
          "integrity": "sha1-YuIDvEF2bGwoyfyEMB2rHFMQ+pQ="
        }
      }
    },
    "ignore": {
      "version": "3.3.10",
      "resolved": "https://registry.npmjs.org/ignore/-/ignore-3.3.10.tgz",
      "integrity": "sha512-Pgs951kaMm5GXP7MOvxERINe3gsaVjUWFm+UZPSq9xYriQAksyhg0csnS0KXSNRD5NmNdapXEpjxG49+AKh/ug=="
    },
    "import-modules": {
      "version": "1.1.0",
      "resolved": "https://registry.npmjs.org/import-modules/-/import-modules-1.1.0.tgz",
      "integrity": "sha1-dI23nFzEK7lwHvq0JPiU5yYA6dw="
    },
    "inflight": {
      "version": "1.0.6",
      "resolved": "https://registry.npmjs.org/inflight/-/inflight-1.0.6.tgz",
      "integrity": "sha1-Sb1jMdfQLQwJvJEKEHW6gWW1bfk=",
      "requires": {
        "once": "^1.3.0",
        "wrappy": "1"
      }
    },
    "inherits": {
      "version": "2.0.3",
      "resolved": "https://registry.npmjs.org/inherits/-/inherits-2.0.3.tgz",
      "integrity": "sha1-Yzwsg+PaQqUC9SRmAiSA9CCCYd4="
    },
    "isarray": {
      "version": "1.0.0",
      "resolved": "https://registry.npmjs.org/isarray/-/isarray-1.0.0.tgz",
      "integrity": "sha1-u5NdSFgsuhaMBoNJV6VKPgcSTxE="
    },
    "jsdoctypeparser": {
      "version": "2.0.0-alpha-8",
      "resolved": "https://registry.npmjs.org/jsdoctypeparser/-/jsdoctypeparser-2.0.0-alpha-8.tgz",
      "integrity": "sha1-uvE3+44qVYgQrc8Z0tKi9oDpCl8="
    },
    "jshint": {
      "version": "2.9.5",
      "resolved": "https://registry.npmjs.org/jshint/-/jshint-2.9.5.tgz",
      "integrity": "sha1-HnJSkVzmgbQIJ+4UJIxG006apiw=",
      "requires": {
        "cli": "~1.0.0",
        "console-browserify": "1.1.x",
        "exit": "0.1.x",
        "htmlparser2": "3.8.x",
        "lodash": "3.7.x",
        "minimatch": "~3.0.2",
        "shelljs": "0.3.x",
        "strip-json-comments": "1.0.x"
      },
      "dependencies": {
        "lodash": {
          "version": "3.7.0",
          "resolved": "https://registry.npmjs.org/lodash/-/lodash-3.7.0.tgz",
          "integrity": "sha1-Nni9irmVBXwHreg27S7wh9qBHUU="
        }
      }
    },
    "lodash": {
      "version": "4.17.10",
      "resolved": "https://registry.npmjs.org/lodash/-/lodash-4.17.10.tgz",
      "integrity": "sha512-UejweD1pDoXu+AD825lWwp4ZGtSwgnpZxb3JDViD7StjQz+Nb/6l093lx4OQ0foGWNRoc19mWy7BzL+UAK2iVg=="
    },
    "lodash.camelcase": {
      "version": "4.3.0",
      "resolved": "https://registry.npmjs.org/lodash.camelcase/-/lodash.camelcase-4.3.0.tgz",
      "integrity": "sha1-soqmKIorn8ZRA1x3EfZathkDMaY="
    },
    "lodash.get": {
      "version": "4.4.2",
      "resolved": "https://registry.npmjs.org/lodash.get/-/lodash.get-4.4.2.tgz",
      "integrity": "sha1-LRd/ZS+jHpObRDjVNBSZ36OCXpk="
    },
    "lodash.kebabcase": {
      "version": "4.1.1",
      "resolved": "https://registry.npmjs.org/lodash.kebabcase/-/lodash.kebabcase-4.1.1.tgz",
      "integrity": "sha1-hImxyw0p/4gZXM7KRI/21swpXDY="
    },
    "lodash.snakecase": {
      "version": "4.1.1",
      "resolved": "https://registry.npmjs.org/lodash.snakecase/-/lodash.snakecase-4.1.1.tgz",
      "integrity": "sha1-OdcUo1NXFHg3rv1ktdy7Fr7Nj40="
    },
    "lodash.upperfirst": {
      "version": "4.3.1",
      "resolved": "https://registry.npmjs.org/lodash.upperfirst/-/lodash.upperfirst-4.3.1.tgz",
      "integrity": "sha1-E2Xt9DFIBIHvDRxolXpe2Z1J984="
    },
    "lodash.zip": {
      "version": "4.2.0",
      "resolved": "https://registry.npmjs.org/lodash.zip/-/lodash.zip-4.2.0.tgz",
      "integrity": "sha1-7GZi5IlkCO1KtsVCo5kLcswIACA="
    },
    "mdn-browser-compat-data": {
      "version": "0.0.40",
      "resolved": "https://registry.npmjs.org/mdn-browser-compat-data/-/mdn-browser-compat-data-0.0.40.tgz",
      "integrity": "sha512-gxe4m/g1LVHhT8WZCk0SpGryxFqlsyHIWXta6APP8wQL2ds8iVPzqIyxCj7mO1xxB1WyeBSIh3V06Q1Dqzr/Jg==",
      "requires": {
        "extend": "3.0.1"
      }
    },
    "minimatch": {
      "version": "3.0.4",
      "resolved": "https://registry.npmjs.org/minimatch/-/minimatch-3.0.4.tgz",
      "integrity": "sha512-yJHVQEhyqPLUTgt9B83PXu6W3rx4MvvHvSUvToogpwoGDOUQ+yDrR0HRot+yOCdCO7u4hX3pWft6kWBBcqh0UA==",
      "requires": {
        "brace-expansion": "^1.1.7"
      }
    },
    "node-releases": {
      "version": "1.0.0-alpha.10",
      "resolved": "https://registry.npmjs.org/node-releases/-/node-releases-1.0.0-alpha.10.tgz",
      "integrity": "sha512-BSQrRgOfN6L/MoKIa7pRUc7dHvflCXMcqyTBvphixcSsgJTuUd24vAFONuNfVsuwTyz28S1HEc9XN6ZKylk4Hg==",
      "requires": {
        "semver": "^5.3.0"
      }
    },
    "once": {
      "version": "1.4.0",
      "resolved": "https://registry.npmjs.org/once/-/once-1.4.0.tgz",
      "integrity": "sha1-WDsap3WWHUsROsF9nFC6753Xa9E=",
      "requires": {
        "wrappy": "1"
      }
    },
    "path-is-absolute": {
      "version": "1.0.1",
      "resolved": "https://registry.npmjs.org/path-is-absolute/-/path-is-absolute-1.0.1.tgz",
      "integrity": "sha1-F0uSaHNVNP+8es5r9TpanhtcX18="
    },
    "process-nextick-args": {
      "version": "2.0.0",
      "resolved": "https://registry.npmjs.org/process-nextick-args/-/process-nextick-args-2.0.0.tgz",
      "integrity": "sha512-MtEC1TqN0EU5nephaJ4rAtThHtC86dNN9qCuEhtshvpVBkAW5ZO7BASN9REnF9eoXGcRub+pFuKEpOHE+HbEMw=="
    },
    "readable-stream": {
      "version": "2.3.6",
      "resolved": "https://registry.npmjs.org/readable-stream/-/readable-stream-2.3.6.tgz",
      "integrity": "sha512-tQtKA9WIAhBF3+VLAseyMqZeBjW0AHJoxOtYqSUZNJxauErmLbVm2FW1y+J/YA9dUrAC39ITejlZWhVIwawkKw==",
      "requires": {
        "core-util-is": "~1.0.0",
        "inherits": "~2.0.3",
        "isarray": "~1.0.0",
        "process-nextick-args": "~2.0.0",
        "safe-buffer": "~5.1.1",
        "string_decoder": "~1.1.1",
        "util-deprecate": "~1.0.1"
      }
    },
    "regenerator-runtime": {
      "version": "0.11.1",
      "resolved": "https://registry.npmjs.org/regenerator-runtime/-/regenerator-runtime-0.11.1.tgz",
      "integrity": "sha512-MguG95oij0fC3QV3URf4V2SDYGJhJnJGqvIIgdECeODCT98wSWDAJ94SSuVpYQUoTcGUIL6L4yNB7j1DFFHSBg=="
    },
    "requireindex": {
      "version": "1.2.0",
      "resolved": "https://registry.npmjs.org/requireindex/-/requireindex-1.2.0.tgz",
      "integrity": "sha512-L9jEkOi3ASd9PYit2cwRfyppc9NoABujTP8/5gFcbERmo5jUoAKovIC3fsF17pkTnGsrByysqX+Kxd2OTNI1ww=="
    },
    "ret": {
      "version": "0.1.15",
      "resolved": "https://registry.npmjs.org/ret/-/ret-0.1.15.tgz",
      "integrity": "sha512-TTlYpa+OL+vMMNG24xSlQGEJ3B/RzEfUlLct7b5G/ytav+wPrplCpVMFuwzXbkecJrb6IYo1iFb0S9v37754mg=="
    },
    "safe-buffer": {
      "version": "5.1.2",
      "resolved": "https://registry.npmjs.org/safe-buffer/-/safe-buffer-5.1.2.tgz",
      "integrity": "sha512-Gd2UZBJDkXlY7GbJxfsE8/nvKkUEU1G38c1siN6QP6a9PT9MmHB8GnpscSmMJSoF8LOIrt8ud/wPtojys4G6+g=="
    },
    "safe-regex": {
      "version": "1.1.0",
      "resolved": "https://registry.npmjs.org/safe-regex/-/safe-regex-1.1.0.tgz",
      "integrity": "sha1-QKNmnzsHfR6UPURinhV91IAjvy4=",
      "requires": {
        "ret": "~0.1.10"
      }
    },
    "semver": {
      "version": "5.5.0",
      "resolved": "https://registry.npmjs.org/semver/-/semver-5.5.0.tgz",
      "integrity": "sha512-4SJ3dm0WAwWy/NVeioZh5AntkdJoWKxHxcmyP622fOkgHa4z3R0TdBJICINyaSDE6uNwVc8gZr+ZinwZAH4xIA=="
    },
    "shelljs": {
      "version": "0.3.0",
      "resolved": "https://registry.npmjs.org/shelljs/-/shelljs-0.3.0.tgz",
      "integrity": "sha1-NZbmMHp4FUT1kfN9phg2DzHbV7E="
    },
    "string_decoder": {
      "version": "1.1.1",
      "resolved": "https://registry.npmjs.org/string_decoder/-/string_decoder-1.1.1.tgz",
      "integrity": "sha512-n/ShnvDi6FHbbVfviro+WojiFzv+s8MPMHBczVePfUpDJLwoLT0ht1l4YwBCbi8pJAveEEdnkHyPyTP/mzRfwg==",
      "requires": {
        "safe-buffer": "~5.1.0"
      }
    },
    "strip-json-comments": {
      "version": "1.0.4",
      "resolved": "https://registry.npmjs.org/strip-json-comments/-/strip-json-comments-1.0.4.tgz",
      "integrity": "sha1-HhX7ysl9Pumb8tc7TGVrCCu6+5E="
    },
    "util-deprecate": {
      "version": "1.0.2",
      "resolved": "https://registry.npmjs.org/util-deprecate/-/util-deprecate-1.0.2.tgz",
      "integrity": "sha1-RQ1Nyfpw3nMnYvvS1KKJgUGaDM8="
    },
    "wrappy": {
      "version": "1.0.2",
      "resolved": "https://registry.npmjs.org/wrappy/-/wrappy-1.0.2.tgz",
      "integrity": "sha1-tSQ9jz7BqjXxNkYFvA0QNuMKtp8="
    }
  }
}
